
Microsoft Visual Studio Solution File, Format Version 12.00
# Visual Studio Version 17
VisualStudioVersion = 17.2.32317.152
MinimumVisualStudioVersion = 10.0.40219.1
Project("{2150E333-8FDC-42A3-9474-1A3956D46DE8}") = "001", "001", "{3AADD28E-EA17-4CF3-A5BA-2A5C0A880F2C}"
EndProject
Project("{9A19103F-16F7-4668-BE54-9A1E7A4F7556}") = "app", "001\app.csproj", "{C97FBAF9-AAA5-4FA4-9DAA-25A539DDD873}"
EndProject
Project("{2150E333-8FDC-42A3-9474-1A3956D46DE8}") = "002", "002", "{AE997310-05E4-470D-B4CE-F80994A405DA}"
EndProject
Project("{FAE04EC0-301F-11D3-BF4B-00C04F79EFBC}") = "app", "002\app.csproj", "{2526978C-A050-40D8-970A-42A135F722F6}"
EndProject
Project("{2150E333-8FDC-42A3-9474-1A3956D46DE8}") = "003", "003", "{19D29071-B043-4B8A-8C84-A559DC17F2AD}"
EndProject
Project("{FAE04EC0-301F-11D3-BF4B-00C04F79EFBC}") = "app", "003\app.csproj", "{0D0BB8C1-9D5F-4044-B10B-997DF57BF400}"
EndProject
Project("{2150E333-8FDC-42A3-9474-1A3956D46DE8}") = "004", "004", "{839CE793-4086-44C4-9B3F-3B79CAC55766}"
EndProject
Project("{FAE04EC0-301F-11D3-BF4B-00C04F79EFBC}") = "app", "004\app.csproj", "{B8C1EE68-5CC2-4BE4-825A-C52FE5C26808}"
EndProject
Project("{2150E333-8FDC-42A3-9474-1A3956D46DE8}") = "005", "005", "{ED94F818-7AA4-4152-A972-7D622630D415}"
EndProject
Project("{FAE04EC0-301F-11D3-BF4B-00C04F79EFBC}") = "app", "005\app.csproj", "{07AD00BF-FF5B-4B8A-84A1-D4204533B154}"
EndProject
Project("{2150E333-8FDC-42A3-9474-1A3956D46DE8}") = "006", "006", "{DB35A2D9-1861-427C-B594-E0EABC6FCA75}"
EndProject
Project("{FAE04EC0-301F-11D3-BF4B-00C04F79EFBC}") = "app", "006\app.csproj", "{4A875FF4-8F58-4FC8-BEC3-A84544893126}"
EndProject
Project("{2150E333-8FDC-42A3-9474-1A3956D46DE8}") = "007", "007", "{0E52B2EB-4BEF-4DD5-B83D-2FCBACD3FD21}"
EndProject
Project("{FAE04EC0-301F-11D3-BF4B-00C04F79EFBC}") = "app", "007\app.csproj", "{133ABA3B-8C2F-4657-9BE9-9F0F5A76554B}"
EndProject
Project("{2150E333-8FDC-42A3-9474-1A3956D46DE8}") = "008", "008", "{86329E3F-46EF-4AC8-9223-CB0BB3099BFE}"
EndProject
Project("{FAE04EC0-301F-11D3-BF4B-00C04F79EFBC}") = "app", "008\app.csproj", "{21901D65-0322-40EE-B613-4627DE322D3C}"
EndProject
Project("{2150E333-8FDC-42A3-9474-1A3956D46DE8}") = "009", "009", "{73AE2069-7068-49F5-AEE0-7F75F995B0F5}"
EndProject
Project("{FAE04EC0-301F-11D3-BF4B-00C04F79EFBC}") = "app", "009\app.csproj", "{49CAB0CE-2AE1-44A2-ABB7-E1310DE2F026}"
EndProject
Project("{2150E333-8FDC-42A3-9474-1A3956D46DE8}") = "010", "010", "{5F6E6A96-1FDA-411B-A1BC-5E2E4D767ED6}"
EndProject
Project("{FAE04EC0-301F-11D3-BF4B-00C04F79EFBC}") = "app", "010\app.csproj", "{CE212540-AEAC-4F02-A369-78FFDF038826}"
EndProject
Global
	GlobalSection(SolutionConfigurationPlatforms) = preSolution
		Debug|Any CPU = Debug|Any CPU
		Release|Any CPU = Release|Any CPU
	EndGlobalSection
	GlobalSection(ProjectConfigurationPlatforms) = postSolution
		{C97FBAF9-AAA5-4FA4-9DAA-25A539DDD873}.Debug|Any CPU.ActiveCfg = Debug|Any CPU
		{C97FBAF9-AAA5-4FA4-9DAA-25A539DDD873}.Debug|Any CPU.Build.0 = Debug|Any CPU
		{C97FBAF9-AAA5-4FA4-9DAA-25A539DDD873}.Release|Any CPU.ActiveCfg = Release|Any CPU
		{C97FBAF9-AAA5-4FA4-9DAA-25A539DDD873}.Release|Any CPU.Build.0 = Release|Any CPU
		{2526978C-A050-40D8-970A-42A135F722F6}.Debug|Any CPU.ActiveCfg = Debug|Any CPU
		{2526978C-A050-40D8-970A-42A135F722F6}.Debug|Any CPU.Build.0 = Debug|Any CPU
		{2526978C-A050-40D8-970A-42A135F722F6}.Release|Any CPU.ActiveCfg = Release|Any CPU
		{2526978C-A050-40D8-970A-42A135F722F6}.Release|Any CPU.Build.0 = Release|Any CPU
		{0D0BB8C1-9D5F-4044-B10B-997DF57BF400}.Debug|Any CPU.ActiveCfg = Debug|Any CPU
		{0D0BB8C1-9D5F-4044-B10B-997DF57BF400}.Debug|Any CPU.Build.0 = Debug|Any CPU
		{0D0BB8C1-9D5F-4044-B10B-997DF57BF400}.Release|Any CPU.ActiveCfg = Release|Any CPU
		{0D0BB8C1-9D5F-4044-B10B-997DF57BF400}.Release|Any CPU.Build.0 = Release|Any CPU
		{B8C1EE68-5CC2-4BE4-825A-C52FE5C26808}.Debug|Any CPU.ActiveCfg = Debug|Any CPU
		{B8C1EE68-5CC2-4BE4-825A-C52FE5C26808}.Debug|Any CPU.Build.0 = Debug|Any CPU
		{B8C1EE68-5CC2-4BE4-825A-C52FE5C26808}.Release|Any CPU.ActiveCfg = Release|Any CPU
		{B8C1EE68-5CC2-4BE4-825A-C52FE5C26808}.Release|Any CPU.Build.0 = Release|Any CPU
		{07AD00BF-FF5B-4B8A-84A1-D4204533B154}.Debug|Any CPU.ActiveCfg = Debug|Any CPU
		{07AD00BF-FF5B-4B8A-84A1-D4204533B154}.Debug|Any CPU.Build.0 = Debug|Any CPU
		{07AD00BF-FF5B-4B8A-84A1-D4204533B154}.Release|Any CPU.ActiveCfg = Release|Any CPU
		{07AD00BF-FF5B-4B8A-84A1-D4204533B154}.Release|Any CPU.Build.0 = Release|Any CPU
		{4A875FF4-8F58-4FC8-BEC3-A84544893126}.Debug|Any CPU.ActiveCfg = Debug|Any CPU
		{4A875FF4-8F58-4FC8-BEC3-A84544893126}.Debug|Any CPU.Build.0 = Debug|Any CPU
		{4A875FF4-8F58-4FC8-BEC3-A84544893126}.Release|Any CPU.ActiveCfg = Release|Any CPU
		{4A875FF4-8F58-4FC8-BEC3-A84544893126}.Release|Any CPU.Build.0 = Release|Any CPU
		{133ABA3B-8C2F-4657-9BE9-9F0F5A76554B}.Debug|Any CPU.ActiveCfg = Debug|Any CPU
		{133ABA3B-8C2F-4657-9BE9-9F0F5A76554B}.Debug|Any CPU.Build.0 = Debug|Any CPU
		{133ABA3B-8C2F-4657-9BE9-9F0F5A76554B}.Release|Any CPU.ActiveCfg = Release|Any CPU
		{133ABA3B-8C2F-4657-9BE9-9F0F5A76554B}.Release|Any CPU.Build.0 = Release|Any CPU
		{21901D65-0322-40EE-B613-4627DE322D3C}.Debug|Any CPU.ActiveCfg = Debug|Any CPU
		{21901D65-0322-40EE-B613-4627DE322D3C}.Debug|Any CPU.Build.0 = Debug|Any CPU
		{21901D65-0322-40EE-B613-4627DE322D3C}.Release|Any CPU.ActiveCfg = Release|Any CPU
		{21901D65-0322-40EE-B613-4627DE322D3C}.Release|Any CPU.Build.0 = Release|Any CPU
		{49CAB0CE-2AE1-44A2-ABB7-E1310DE2F026}.Debug|Any CPU.ActiveCfg = Debug|Any CPU
		{49CAB0CE-2AE1-44A2-ABB7-E1310DE2F026}.Debug|Any CPU.Build.0 = Debug|Any CPU
		{49CAB0CE-2AE1-44A2-ABB7-E1310DE2F026}.Release|Any CPU.ActiveCfg = Release|Any CPU
		{49CAB0CE-2AE1-44A2-ABB7-E1310DE2F026}.Release|Any CPU.Build.0 = Release|Any CPU
		{CE212540-AEAC-4F02-A369-78FFDF038826}.Debug|Any CPU.ActiveCfg = Debug|Any CPU
		{CE212540-AEAC-4F02-A369-78FFDF038826}.Debug|Any CPU.Build.0 = Debug|Any CPU
		{CE212540-AEAC-4F02-A369-78FFDF038826}.Release|Any CPU.ActiveCfg = Release|Any CPU
		{CE212540-AEAC-4F02-A369-78FFDF038826}.Release|Any CPU.Build.0 = Release|Any CPU
	EndGlobalSection
	GlobalSection(SolutionProperties) = preSolution
		HideSolutionNode = FALSE
	EndGlobalSection
	GlobalSection(NestedProjects) = preSolution
		{C97FBAF9-AAA5-4FA4-9DAA-25A539DDD873} = {3AADD28E-EA17-4CF3-A5BA-2A5C0A880F2C}
		{2526978C-A050-40D8-970A-42A135F722F6} = {AE997310-05E4-470D-B4CE-F80994A405DA}
		{0D0BB8C1-9D5F-4044-B10B-997DF57BF400} = {19D29071-B043-4B8A-8C84-A559DC17F2AD}
		{B8C1EE68-5CC2-4BE4-825A-C52FE5C26808} = {839CE793-4086-44C4-9B3F-3B79CAC55766}
		{07AD00BF-FF5B-4B8A-84A1-D4204533B154} = {ED94F818-7AA4-4152-A972-7D622630D415}
		{4A875FF4-8F58-4FC8-BEC3-A84544893126} = {DB35A2D9-1861-427C-B594-E0EABC6FCA75}
		{133ABA3B-8C2F-4657-9BE9-9F0F5A76554B} = {0E52B2EB-4BEF-4DD5-B83D-2FCBACD3FD21}
		{21901D65-0322-40EE-B613-4627DE322D3C} = {86329E3F-46EF-4AC8-9223-CB0BB3099BFE}
		{49CAB0CE-2AE1-44A2-ABB7-E1310DE2F026} = {73AE2069-7068-49F5-AEE0-7F75F995B0F5}
		{CE212540-AEAC-4F02-A369-78FFDF038826} = {5F6E6A96-1FDA-411B-A1BC-5E2E4D767ED6}
	EndGlobalSection
	GlobalSection(ExtensibilityGlobals) = postSolution
		SolutionGuid = {C7EECD4D-8466-413E-966D-78EB42E4104E}
	EndGlobalSection
EndGlobal
