
Microsoft Visual Studio Solution File, Format Version 12.00
# Visual Studio Version 17
VisualStudioVersion = 17.2.32317.152
MinimumVisualStudioVersion = 10.0.40219.1
Project("{2150E333-8FDC-42A3-9474-1A3956D46DE8}") = "001", "001", "{D140B276-3B24-4C14-8D3E-2D3E74EB55A7}"
EndProject
Project("{FAE04EC0-301F-11D3-BF4B-00C04F79EFBC}") = "app", "001\app.csproj", "{1F407863-EE47-421F-B7C0-27412B03D119}"
EndProject
Project("{2150E333-8FDC-42A3-9474-1A3956D46DE8}") = "002", "002", "{D2230556-701B-4E1C-B21A-E5D20B515751}"
EndProject
Project("{FAE04EC0-301F-11D3-BF4B-00C04F79EFBC}") = "002", "002\002.csproj", "{EB71C5A6-40AC-4547-A839-4F4D5E24ADE5}"
EndProject
Project("{2150E333-8FDC-42A3-9474-1A3956D46DE8}") = "003", "003", "{1D6F11CE-9FBA-4F00-BFE0-B42857C05091}"
EndProject
Project("{FAE04EC0-301F-11D3-BF4B-00C04F79EFBC}") = "app", "003\app.csproj", "{844BAAB3-1885-420D-82AC-B256DA7346F5}"
EndProject
Project("{2150E333-8FDC-42A3-9474-1A3956D46DE8}") = "004", "004", "{46C78AF1-5639-4211-B244-05EEAE5128F0}"
EndProject
Project("{FAE04EC0-301F-11D3-BF4B-00C04F79EFBC}") = "app", "004\app.csproj", "{D9CB4A66-A579-4291-89E5-2FE38A123F99}"
EndProject
Project("{2150E333-8FDC-42A3-9474-1A3956D46DE8}") = "005", "005", "{B2F18A4E-B29D-4717-9E02-5626EAA52672}"
EndProject
Project("{FAE04EC0-301F-11D3-BF4B-00C04F79EFBC}") = "app", "005\app.csproj", "{4B2F9FD3-0D08-4CF1-8FCE-A41D0B84E36A}"
EndProject
Project("{2150E333-8FDC-42A3-9474-1A3956D46DE8}") = "006", "006", "{745CA43A-6780-4385-B353-9313245A6273}"
EndProject
Project("{FAE04EC0-301F-11D3-BF4B-00C04F79EFBC}") = "app", "006\app.csproj", "{91028C91-F0B8-48A8-B85B-D23B2847A2BA}"
EndProject
Project("{2150E333-8FDC-42A3-9474-1A3956D46DE8}") = "007", "007", "{99695FEA-6EAF-41CC-8E9A-678EA0625454}"
EndProject
Project("{FAE04EC0-301F-11D3-BF4B-00C04F79EFBC}") = "app", "007\app.csproj", "{6EF9972D-24F3-4231-AD3E-457CF1989896}"
EndProject
Project("{2150E333-8FDC-42A3-9474-1A3956D46DE8}") = "008", "008", "{72D53393-7A27-4146-A28C-D4E966B7BB2C}"
EndProject
Project("{FAE04EC0-301F-11D3-BF4B-00C04F79EFBC}") = "app", "008\app.csproj", "{A2176A18-05CA-49A1-8B93-85AF33569CA7}"
EndProject
Project("{2150E333-8FDC-42A3-9474-1A3956D46DE8}") = "009", "009", "{A84DC903-5477-46A1-8CE9-BB0F0EFFC7FE}"
EndProject
Project("{FAE04EC0-301F-11D3-BF4B-00C04F79EFBC}") = "app", "009\app.csproj", "{B532A106-5072-4661-957D-AE378D9EAC9C}"
EndProject
Project("{2150E333-8FDC-42A3-9474-1A3956D46DE8}") = "010", "010", "{F78BDCD1-8A52-4208-9C0C-D4A8DC16FF7C}"
EndProject
Project("{FAE04EC0-301F-11D3-BF4B-00C04F79EFBC}") = "app", "010\app.csproj", "{F14CD3B0-3381-4D88-AF5A-276606B81484}"
EndProject
Project("{2150E333-8FDC-42A3-9474-1A3956D46DE8}") = "011", "011", "{A1B56DE2-3946-4B21-89D1-45E40C763CC2}"
EndProject
Project("{FAE04EC0-301F-11D3-BF4B-00C04F79EFBC}") = "011", "011\011.csproj", "{ED989E8F-8670-47D1-AC0F-9BE2AAC51672}"
EndProject
Project("{2150E333-8FDC-42A3-9474-1A3956D46DE8}") = "012", "012", "{C148EE82-D787-4601-A70E-8CFA99E88E7B}"
EndProject
Project("{FAE04EC0-301F-11D3-BF4B-00C04F79EFBC}") = "app", "012\app.csproj", "{DA8EB1FC-188D-4AE3-8711-FB3319FA06A5}"
EndProject
Project("{2150E333-8FDC-42A3-9474-1A3956D46DE8}") = "013", "013", "{B24DCDE9-47B6-4089-9F47-29615F7D1275}"
EndProject
Project("{FAE04EC0-301F-11D3-BF4B-00C04F79EFBC}") = "013", "013\013.csproj", "{7FCDF08D-09C9-44F3-B684-CC20ABAD9F75}"
EndProject
Project("{2150E333-8FDC-42A3-9474-1A3956D46DE8}") = "014", "014", "{B1E9FC3F-7A4A-4AA0-826A-F3F880D6B198}"
EndProject
Project("{FAE04EC0-301F-11D3-BF4B-00C04F79EFBC}") = "014", "014\014.csproj", "{67016E1E-AB28-4AE4-BFDF-26C3C46E8280}"
EndProject
Project("{2150E333-8FDC-42A3-9474-1A3956D46DE8}") = "015", "015", "{576E6900-895D-4CF7-8A6B-8883288D314B}"
EndProject
Project("{FAE04EC0-301F-11D3-BF4B-00C04F79EFBC}") = "app", "015\app.csproj", "{061B2D21-BB60-4212-AED4-D119D3639700}"
EndProject
Project("{2150E333-8FDC-42A3-9474-1A3956D46DE8}") = "016", "016", "{0DC6A962-7C56-400B-9032-F0E4D52E74C6}"
EndProject
Project("{FAE04EC0-301F-11D3-BF4B-00C04F79EFBC}") = "app", "016\app.csproj", "{34C55ED9-CB41-43F4-9770-E9BF16FF415B}"
EndProject
Global
	GlobalSection(SolutionConfigurationPlatforms) = preSolution
		Debug|Any CPU = Debug|Any CPU
		Release|Any CPU = Release|Any CPU
	EndGlobalSection
	GlobalSection(ProjectConfigurationPlatforms) = postSolution
		{1F407863-EE47-421F-B7C0-27412B03D119}.Debug|Any CPU.ActiveCfg = Debug|Any CPU
		{1F407863-EE47-421F-B7C0-27412B03D119}.Debug|Any CPU.Build.0 = Debug|Any CPU
		{1F407863-EE47-421F-B7C0-27412B03D119}.Release|Any CPU.ActiveCfg = Release|Any CPU
		{1F407863-EE47-421F-B7C0-27412B03D119}.Release|Any CPU.Build.0 = Release|Any CPU
		{EB71C5A6-40AC-4547-A839-4F4D5E24ADE5}.Debug|Any CPU.ActiveCfg = Debug|Any CPU
		{EB71C5A6-40AC-4547-A839-4F4D5E24ADE5}.Debug|Any CPU.Build.0 = Debug|Any CPU
		{EB71C5A6-40AC-4547-A839-4F4D5E24ADE5}.Release|Any CPU.ActiveCfg = Release|Any CPU
		{EB71C5A6-40AC-4547-A839-4F4D5E24ADE5}.Release|Any CPU.Build.0 = Release|Any CPU
		{844BAAB3-1885-420D-82AC-B256DA7346F5}.Debug|Any CPU.ActiveCfg = Debug|Any CPU
		{844BAAB3-1885-420D-82AC-B256DA7346F5}.Debug|Any CPU.Build.0 = Debug|Any CPU
		{844BAAB3-1885-420D-82AC-B256DA7346F5}.Release|Any CPU.ActiveCfg = Release|Any CPU
		{844BAAB3-1885-420D-82AC-B256DA7346F5}.Release|Any CPU.Build.0 = Release|Any CPU
		{D9CB4A66-A579-4291-89E5-2FE38A123F99}.Debug|Any CPU.ActiveCfg = Debug|Any CPU
		{D9CB4A66-A579-4291-89E5-2FE38A123F99}.Debug|Any CPU.Build.0 = Debug|Any CPU
		{D9CB4A66-A579-4291-89E5-2FE38A123F99}.Release|Any CPU.ActiveCfg = Release|Any CPU
		{D9CB4A66-A579-4291-89E5-2FE38A123F99}.Release|Any CPU.Build.0 = Release|Any CPU
		{4B2F9FD3-0D08-4CF1-8FCE-A41D0B84E36A}.Debug|Any CPU.ActiveCfg = Debug|Any CPU
		{4B2F9FD3-0D08-4CF1-8FCE-A41D0B84E36A}.Debug|Any CPU.Build.0 = Debug|Any CPU
		{4B2F9FD3-0D08-4CF1-8FCE-A41D0B84E36A}.Release|Any CPU.ActiveCfg = Release|Any CPU
		{4B2F9FD3-0D08-4CF1-8FCE-A41D0B84E36A}.Release|Any CPU.Build.0 = Release|Any CPU
		{91028C91-F0B8-48A8-B85B-D23B2847A2BA}.Debug|Any CPU.ActiveCfg = Debug|Any CPU
		{91028C91-F0B8-48A8-B85B-D23B2847A2BA}.Debug|Any CPU.Build.0 = Debug|Any CPU
		{91028C91-F0B8-48A8-B85B-D23B2847A2BA}.Release|Any CPU.ActiveCfg = Release|Any CPU
		{91028C91-F0B8-48A8-B85B-D23B2847A2BA}.Release|Any CPU.Build.0 = Release|Any CPU
		{6EF9972D-24F3-4231-AD3E-457CF1989896}.Debug|Any CPU.ActiveCfg = Debug|Any CPU
		{6EF9972D-24F3-4231-AD3E-457CF1989896}.Debug|Any CPU.Build.0 = Debug|Any CPU
		{6EF9972D-24F3-4231-AD3E-457CF1989896}.Release|Any CPU.ActiveCfg = Release|Any CPU
		{6EF9972D-24F3-4231-AD3E-457CF1989896}.Release|Any CPU.Build.0 = Release|Any CPU
		{A2176A18-05CA-49A1-8B93-85AF33569CA7}.Debug|Any CPU.ActiveCfg = Debug|Any CPU
		{A2176A18-05CA-49A1-8B93-85AF33569CA7}.Debug|Any CPU.Build.0 = Debug|Any CPU
		{A2176A18-05CA-49A1-8B93-85AF33569CA7}.Release|Any CPU.ActiveCfg = Release|Any CPU
		{A2176A18-05CA-49A1-8B93-85AF33569CA7}.Release|Any CPU.Build.0 = Release|Any CPU
		{B532A106-5072-4661-957D-AE378D9EAC9C}.Debug|Any CPU.ActiveCfg = Debug|Any CPU
		{B532A106-5072-4661-957D-AE378D9EAC9C}.Debug|Any CPU.Build.0 = Debug|Any CPU
		{B532A106-5072-4661-957D-AE378D9EAC9C}.Release|Any CPU.ActiveCfg = Release|Any CPU
		{B532A106-5072-4661-957D-AE378D9EAC9C}.Release|Any CPU.Build.0 = Release|Any CPU
		{F14CD3B0-3381-4D88-AF5A-276606B81484}.Debug|Any CPU.ActiveCfg = Debug|Any CPU
		{F14CD3B0-3381-4D88-AF5A-276606B81484}.Debug|Any CPU.Build.0 = Debug|Any CPU
		{F14CD3B0-3381-4D88-AF5A-276606B81484}.Release|Any CPU.ActiveCfg = Release|Any CPU
		{F14CD3B0-3381-4D88-AF5A-276606B81484}.Release|Any CPU.Build.0 = Release|Any CPU
		{ED989E8F-8670-47D1-AC0F-9BE2AAC51672}.Debug|Any CPU.ActiveCfg = Debug|Any CPU
		{ED989E8F-8670-47D1-AC0F-9BE2AAC51672}.Debug|Any CPU.Build.0 = Debug|Any CPU
		{ED989E8F-8670-47D1-AC0F-9BE2AAC51672}.Release|Any CPU.ActiveCfg = Release|Any CPU
		{ED989E8F-8670-47D1-AC0F-9BE2AAC51672}.Release|Any CPU.Build.0 = Release|Any CPU
		{DA8EB1FC-188D-4AE3-8711-FB3319FA06A5}.Debug|Any CPU.ActiveCfg = Debug|Any CPU
		{DA8EB1FC-188D-4AE3-8711-FB3319FA06A5}.Debug|Any CPU.Build.0 = Debug|Any CPU
		{DA8EB1FC-188D-4AE3-8711-FB3319FA06A5}.Release|Any CPU.ActiveCfg = Release|Any CPU
		{DA8EB1FC-188D-4AE3-8711-FB3319FA06A5}.Release|Any CPU.Build.0 = Release|Any CPU
		{7FCDF08D-09C9-44F3-B684-CC20ABAD9F75}.Debug|Any CPU.ActiveCfg = Debug|Any CPU
		{7FCDF08D-09C9-44F3-B684-CC20ABAD9F75}.Debug|Any CPU.Build.0 = Debug|Any CPU
		{7FCDF08D-09C9-44F3-B684-CC20ABAD9F75}.Release|Any CPU.ActiveCfg = Release|Any CPU
		{7FCDF08D-09C9-44F3-B684-CC20ABAD9F75}.Release|Any CPU.Build.0 = Release|Any CPU
		{67016E1E-AB28-4AE4-BFDF-26C3C46E8280}.Debug|Any CPU.ActiveCfg = Debug|Any CPU
		{67016E1E-AB28-4AE4-BFDF-26C3C46E8280}.Debug|Any CPU.Build.0 = Debug|Any CPU
		{67016E1E-AB28-4AE4-BFDF-26C3C46E8280}.Release|Any CPU.ActiveCfg = Release|Any CPU
		{67016E1E-AB28-4AE4-BFDF-26C3C46E8280}.Release|Any CPU.Build.0 = Release|Any CPU
		{061B2D21-BB60-4212-AED4-D119D3639700}.Debug|Any CPU.ActiveCfg = Debug|Any CPU
		{061B2D21-BB60-4212-AED4-D119D3639700}.Debug|Any CPU.Build.0 = Debug|Any CPU
		{061B2D21-BB60-4212-AED4-D119D3639700}.Release|Any CPU.ActiveCfg = Release|Any CPU
		{061B2D21-BB60-4212-AED4-D119D3639700}.Release|Any CPU.Build.0 = Release|Any CPU
		{34C55ED9-CB41-43F4-9770-E9BF16FF415B}.Debug|Any CPU.ActiveCfg = Debug|Any CPU
		{34C55ED9-CB41-43F4-9770-E9BF16FF415B}.Debug|Any CPU.Build.0 = Debug|Any CPU
		{34C55ED9-CB41-43F4-9770-E9BF16FF415B}.Release|Any CPU.ActiveCfg = Release|Any CPU
		{34C55ED9-CB41-43F4-9770-E9BF16FF415B}.Release|Any CPU.Build.0 = Release|Any CPU
	EndGlobalSection
	GlobalSection(SolutionProperties) = preSolution
		HideSolutionNode = FALSE
	EndGlobalSection
	GlobalSection(NestedProjects) = preSolution
		{1F407863-EE47-421F-B7C0-27412B03D119} = {D140B276-3B24-4C14-8D3E-2D3E74EB55A7}
		{EB71C5A6-40AC-4547-A839-4F4D5E24ADE5} = {D2230556-701B-4E1C-B21A-E5D20B515751}
		{844BAAB3-1885-420D-82AC-B256DA7346F5} = {1D6F11CE-9FBA-4F00-BFE0-B42857C05091}
		{D9CB4A66-A579-4291-89E5-2FE38A123F99} = {46C78AF1-5639-4211-B244-05EEAE5128F0}
		{4B2F9FD3-0D08-4CF1-8FCE-A41D0B84E36A} = {B2F18A4E-B29D-4717-9E02-5626EAA52672}
		{91028C91-F0B8-48A8-B85B-D23B2847A2BA} = {745CA43A-6780-4385-B353-9313245A6273}
		{6EF9972D-24F3-4231-AD3E-457CF1989896} = {99695FEA-6EAF-41CC-8E9A-678EA0625454}
		{A2176A18-05CA-49A1-8B93-85AF33569CA7} = {72D53393-7A27-4146-A28C-D4E966B7BB2C}
		{B532A106-5072-4661-957D-AE378D9EAC9C} = {A84DC903-5477-46A1-8CE9-BB0F0EFFC7FE}
		{F14CD3B0-3381-4D88-AF5A-276606B81484} = {F78BDCD1-8A52-4208-9C0C-D4A8DC16FF7C}
		{ED989E8F-8670-47D1-AC0F-9BE2AAC51672} = {A1B56DE2-3946-4B21-89D1-45E40C763CC2}
		{DA8EB1FC-188D-4AE3-8711-FB3319FA06A5} = {C148EE82-D787-4601-A70E-8CFA99E88E7B}
		{7FCDF08D-09C9-44F3-B684-CC20ABAD9F75} = {B24DCDE9-47B6-4089-9F47-29615F7D1275}
		{67016E1E-AB28-4AE4-BFDF-26C3C46E8280} = {B1E9FC3F-7A4A-4AA0-826A-F3F880D6B198}
		{061B2D21-BB60-4212-AED4-D119D3639700} = {576E6900-895D-4CF7-8A6B-8883288D314B}
		{34C55ED9-CB41-43F4-9770-E9BF16FF415B} = {0DC6A962-7C56-400B-9032-F0E4D52E74C6}
	EndGlobalSection
	GlobalSection(ExtensibilityGlobals) = postSolution
		SolutionGuid = {8E98EA1C-5C90-4A18-A063-A3971B3E005D}
	EndGlobalSection
EndGlobal
