
Microsoft Visual Studio Solution File, Format Version 12.00
# Visual Studio Version 17
VisualStudioVersion = 17.2.32317.152
MinimumVisualStudioVersion = 10.0.40219.1
Project("{2150E333-8FDC-42A3-9474-1A3956D46DE8}") = "001", "001", "{61B4D1FD-3B5D-4A3E-9009-1755BC7D9770}"
EndProject
Project("{FAE04EC0-301F-11D3-BF4B-00C04F79EFBC}") = "app", "001\app.csproj", "{EAE10B45-C23B-4132-B2E6-CE10BDDEE61C}"
EndProject
Project("{2150E333-8FDC-42A3-9474-1A3956D46DE8}") = "002", "002", "{6E6A970D-3E70-4C52-9E6E-E1BB96221155}"
EndProject
Project("{FAE04EC0-301F-11D3-BF4B-00C04F79EFBC}") = "app", "002\app.csproj", "{B1172D0A-2348-4E80-BC31-05EDDCE5E4A7}"
EndProject
Project("{2150E333-8FDC-42A3-9474-1A3956D46DE8}") = "003", "003", "{E1CC06C6-3AC6-4BEB-8D06-A73D6E2E4CDC}"
EndProject
Project("{FAE04EC0-301F-11D3-BF4B-00C04F79EFBC}") = "app", "003\app.csproj", "{20AFD62B-029B-426D-A00A-88D9634E44A4}"
EndProject
Project("{2150E333-8FDC-42A3-9474-1A3956D46DE8}") = "004", "004", "{CD207463-6902-4C10-9113-716854F42723}"
EndProject
Project("{FAE04EC0-301F-11D3-BF4B-00C04F79EFBC}") = "app", "004\app.csproj", "{B0DF20B8-A5F5-4545-9310-A2484F3E0B67}"
EndProject
Project("{2150E333-8FDC-42A3-9474-1A3956D46DE8}") = "005", "005", "{93D63CA9-A8D9-495A-B474-799559817116}"
EndProject
Project("{FAE04EC0-301F-11D3-BF4B-00C04F79EFBC}") = "app", "005\app.csproj", "{9921A227-D8F9-42C8-B18F-B4DB0A301B55}"
EndProject
Project("{2150E333-8FDC-42A3-9474-1A3956D46DE8}") = "006", "006", "{9093C69A-2157-4C96-B24A-80707CC7F8E1}"
EndProject
Project("{FAE04EC0-301F-11D3-BF4B-00C04F79EFBC}") = "app", "006\app.csproj", "{FA8ACCCE-EA9E-43EA-B0E5-6567E5EF1792}"
EndProject
Global
	GlobalSection(SolutionConfigurationPlatforms) = preSolution
		Debug|Any CPU = Debug|Any CPU
		Release|Any CPU = Release|Any CPU
	EndGlobalSection
	GlobalSection(ProjectConfigurationPlatforms) = postSolution
		{EAE10B45-C23B-4132-B2E6-CE10BDDEE61C}.Debug|Any CPU.ActiveCfg = Debug|Any CPU
		{EAE10B45-C23B-4132-B2E6-CE10BDDEE61C}.Debug|Any CPU.Build.0 = Debug|Any CPU
		{EAE10B45-C23B-4132-B2E6-CE10BDDEE61C}.Release|Any CPU.ActiveCfg = Release|Any CPU
		{EAE10B45-C23B-4132-B2E6-CE10BDDEE61C}.Release|Any CPU.Build.0 = Release|Any CPU
		{B1172D0A-2348-4E80-BC31-05EDDCE5E4A7}.Debug|Any CPU.ActiveCfg = Debug|Any CPU
		{B1172D0A-2348-4E80-BC31-05EDDCE5E4A7}.Debug|Any CPU.Build.0 = Debug|Any CPU
		{B1172D0A-2348-4E80-BC31-05EDDCE5E4A7}.Release|Any CPU.ActiveCfg = Release|Any CPU
		{B1172D0A-2348-4E80-BC31-05EDDCE5E4A7}.Release|Any CPU.Build.0 = Release|Any CPU
		{20AFD62B-029B-426D-A00A-88D9634E44A4}.Debug|Any CPU.ActiveCfg = Debug|Any CPU
		{20AFD62B-029B-426D-A00A-88D9634E44A4}.Debug|Any CPU.Build.0 = Debug|Any CPU
		{20AFD62B-029B-426D-A00A-88D9634E44A4}.Release|Any CPU.ActiveCfg = Release|Any CPU
		{20AFD62B-029B-426D-A00A-88D9634E44A4}.Release|Any CPU.Build.0 = Release|Any CPU
		{B0DF20B8-A5F5-4545-9310-A2484F3E0B67}.Debug|Any CPU.ActiveCfg = Debug|Any CPU
		{B0DF20B8-A5F5-4545-9310-A2484F3E0B67}.Debug|Any CPU.Build.0 = Debug|Any CPU
		{B0DF20B8-A5F5-4545-9310-A2484F3E0B67}.Release|Any CPU.ActiveCfg = Release|Any CPU
		{B0DF20B8-A5F5-4545-9310-A2484F3E0B67}.Release|Any CPU.Build.0 = Release|Any CPU
		{9921A227-D8F9-42C8-B18F-B4DB0A301B55}.Debug|Any CPU.ActiveCfg = Debug|Any CPU
		{9921A227-D8F9-42C8-B18F-B4DB0A301B55}.Debug|Any CPU.Build.0 = Debug|Any CPU
		{9921A227-D8F9-42C8-B18F-B4DB0A301B55}.Release|Any CPU.ActiveCfg = Release|Any CPU
		{9921A227-D8F9-42C8-B18F-B4DB0A301B55}.Release|Any CPU.Build.0 = Release|Any CPU
		{FA8ACCCE-EA9E-43EA-B0E5-6567E5EF1792}.Debug|Any CPU.ActiveCfg = Debug|Any CPU
		{FA8ACCCE-EA9E-43EA-B0E5-6567E5EF1792}.Debug|Any CPU.Build.0 = Debug|Any CPU
		{FA8ACCCE-EA9E-43EA-B0E5-6567E5EF1792}.Release|Any CPU.ActiveCfg = Release|Any CPU
		{FA8ACCCE-EA9E-43EA-B0E5-6567E5EF1792}.Release|Any CPU.Build.0 = Release|Any CPU
	EndGlobalSection
	GlobalSection(SolutionProperties) = preSolution
		HideSolutionNode = FALSE
	EndGlobalSection
	GlobalSection(NestedProjects) = preSolution
		{EAE10B45-C23B-4132-B2E6-CE10BDDEE61C} = {61B4D1FD-3B5D-4A3E-9009-1755BC7D9770}
		{B1172D0A-2348-4E80-BC31-05EDDCE5E4A7} = {6E6A970D-3E70-4C52-9E6E-E1BB96221155}
		{20AFD62B-029B-426D-A00A-88D9634E44A4} = {E1CC06C6-3AC6-4BEB-8D06-A73D6E2E4CDC}
		{B0DF20B8-A5F5-4545-9310-A2484F3E0B67} = {CD207463-6902-4C10-9113-716854F42723}
		{9921A227-D8F9-42C8-B18F-B4DB0A301B55} = {93D63CA9-A8D9-495A-B474-799559817116}
		{FA8ACCCE-EA9E-43EA-B0E5-6567E5EF1792} = {9093C69A-2157-4C96-B24A-80707CC7F8E1}
	EndGlobalSection
	GlobalSection(ExtensibilityGlobals) = postSolution
		SolutionGuid = {FCA16412-F48C-466D-94EE-319F7B381FAB}
	EndGlobalSection
EndGlobal
