
Microsoft Visual Studio Solution File, Format Version 12.00
# Visual Studio Version 17
VisualStudioVersion = 17.2.32317.152
MinimumVisualStudioVersion = 10.0.40219.1
Project("{2150E333-8FDC-42A3-9474-1A3956D46DE8}") = "001", "001", "{F6F8C09F-E951-4033-BCE8-48B301F6F665}"
EndProject
Project("{9A19103F-16F7-4668-BE54-9A1E7A4F7556}") = "app", "001\app.csproj", "{3BAB61AE-DE1A-4E43-8985-EEE48721E5C0}"
EndProject
Project("{2150E333-8FDC-42A3-9474-1A3956D46DE8}") = "002", "002", "{5FA3ACDA-F7B8-43A4-BCB0-6D7716B1D831}"
EndProject
Project("{FAE04EC0-301F-11D3-BF4B-00C04F79EFBC}") = "app", "002\app.csproj", "{AD1898EC-AAB6-4F9D-B404-31708E44D2DC}"
EndProject
Project("{2150E333-8FDC-42A3-9474-1A3956D46DE8}") = "003", "003", "{2D8FD865-B5F1-4139-A222-3514922D55EE}"
EndProject
Project("{FAE04EC0-301F-11D3-BF4B-00C04F79EFBC}") = "app", "003\app.csproj", "{4E500F19-33CC-436F-A82D-EBF5D932FA7A}"
EndProject
Project("{2150E333-8FDC-42A3-9474-1A3956D46DE8}") = "004", "004", "{CBFC04D7-F630-440C-B9E5-FF95FB55D839}"
EndProject
Project("{FAE04EC0-301F-11D3-BF4B-00C04F79EFBC}") = "app", "004\app.csproj", "{FD51834C-7E67-41D2-B952-8F74C6C0DA82}"
EndProject
Project("{FAE04EC0-301F-11D3-BF4B-00C04F79EFBC}") = "app", "005\app.csproj", "{8E9A8A42-703E-4211-AFA4-01108CBD6265}"
EndProject
Project("{2150E333-8FDC-42A3-9474-1A3956D46DE8}") = "005", "005", "{652E1F21-947E-4084-BB8F-C45AF5D4C84E}"
EndProject
Project("{2150E333-8FDC-42A3-9474-1A3956D46DE8}") = "006", "006", "{1778A7FA-987B-4915-9165-A792ED07A82A}"
EndProject
Project("{FAE04EC0-301F-11D3-BF4B-00C04F79EFBC}") = "app", "006\app.csproj", "{DDBD65E0-4E98-42D2-B532-24752913C1E1}"
EndProject
Global
	GlobalSection(SolutionConfigurationPlatforms) = preSolution
		Debug|Any CPU = Debug|Any CPU
		Release|Any CPU = Release|Any CPU
	EndGlobalSection
	GlobalSection(ProjectConfigurationPlatforms) = postSolution
		{3BAB61AE-DE1A-4E43-8985-EEE48721E5C0}.Debug|Any CPU.ActiveCfg = Debug|Any CPU
		{3BAB61AE-DE1A-4E43-8985-EEE48721E5C0}.Debug|Any CPU.Build.0 = Debug|Any CPU
		{3BAB61AE-DE1A-4E43-8985-EEE48721E5C0}.Release|Any CPU.ActiveCfg = Release|Any CPU
		{3BAB61AE-DE1A-4E43-8985-EEE48721E5C0}.Release|Any CPU.Build.0 = Release|Any CPU
		{AD1898EC-AAB6-4F9D-B404-31708E44D2DC}.Debug|Any CPU.ActiveCfg = Debug|Any CPU
		{AD1898EC-AAB6-4F9D-B404-31708E44D2DC}.Debug|Any CPU.Build.0 = Debug|Any CPU
		{AD1898EC-AAB6-4F9D-B404-31708E44D2DC}.Release|Any CPU.ActiveCfg = Release|Any CPU
		{AD1898EC-AAB6-4F9D-B404-31708E44D2DC}.Release|Any CPU.Build.0 = Release|Any CPU
		{4E500F19-33CC-436F-A82D-EBF5D932FA7A}.Debug|Any CPU.ActiveCfg = Debug|Any CPU
		{4E500F19-33CC-436F-A82D-EBF5D932FA7A}.Debug|Any CPU.Build.0 = Debug|Any CPU
		{4E500F19-33CC-436F-A82D-EBF5D932FA7A}.Release|Any CPU.ActiveCfg = Release|Any CPU
		{4E500F19-33CC-436F-A82D-EBF5D932FA7A}.Release|Any CPU.Build.0 = Release|Any CPU
		{FD51834C-7E67-41D2-B952-8F74C6C0DA82}.Debug|Any CPU.ActiveCfg = Debug|Any CPU
		{FD51834C-7E67-41D2-B952-8F74C6C0DA82}.Debug|Any CPU.Build.0 = Debug|Any CPU
		{FD51834C-7E67-41D2-B952-8F74C6C0DA82}.Release|Any CPU.ActiveCfg = Release|Any CPU
		{FD51834C-7E67-41D2-B952-8F74C6C0DA82}.Release|Any CPU.Build.0 = Release|Any CPU
		{8E9A8A42-703E-4211-AFA4-01108CBD6265}.Debug|Any CPU.ActiveCfg = Debug|Any CPU
		{8E9A8A42-703E-4211-AFA4-01108CBD6265}.Debug|Any CPU.Build.0 = Debug|Any CPU
		{8E9A8A42-703E-4211-AFA4-01108CBD6265}.Release|Any CPU.ActiveCfg = Release|Any CPU
		{8E9A8A42-703E-4211-AFA4-01108CBD6265}.Release|Any CPU.Build.0 = Release|Any CPU
		{DDBD65E0-4E98-42D2-B532-24752913C1E1}.Debug|Any CPU.ActiveCfg = Debug|Any CPU
		{DDBD65E0-4E98-42D2-B532-24752913C1E1}.Debug|Any CPU.Build.0 = Debug|Any CPU
		{DDBD65E0-4E98-42D2-B532-24752913C1E1}.Release|Any CPU.ActiveCfg = Release|Any CPU
		{DDBD65E0-4E98-42D2-B532-24752913C1E1}.Release|Any CPU.Build.0 = Release|Any CPU
	EndGlobalSection
	GlobalSection(SolutionProperties) = preSolution
		HideSolutionNode = FALSE
	EndGlobalSection
	GlobalSection(NestedProjects) = preSolution
		{3BAB61AE-DE1A-4E43-8985-EEE48721E5C0} = {F6F8C09F-E951-4033-BCE8-48B301F6F665}
		{AD1898EC-AAB6-4F9D-B404-31708E44D2DC} = {5FA3ACDA-F7B8-43A4-BCB0-6D7716B1D831}
		{4E500F19-33CC-436F-A82D-EBF5D932FA7A} = {2D8FD865-B5F1-4139-A222-3514922D55EE}
		{FD51834C-7E67-41D2-B952-8F74C6C0DA82} = {CBFC04D7-F630-440C-B9E5-FF95FB55D839}
		{8E9A8A42-703E-4211-AFA4-01108CBD6265} = {652E1F21-947E-4084-BB8F-C45AF5D4C84E}
		{DDBD65E0-4E98-42D2-B532-24752913C1E1} = {1778A7FA-987B-4915-9165-A792ED07A82A}
	EndGlobalSection
	GlobalSection(ExtensibilityGlobals) = postSolution
		SolutionGuid = {A15DDC0C-91D9-49B1-8B42-D9A5426F4920}
	EndGlobalSection
EndGlobal
