
Microsoft Visual Studio Solution File, Format Version 12.00
# Visual Studio Version 17
VisualStudioVersion = 17.2.32317.152
MinimumVisualStudioVersion = 10.0.40219.1
Project("{2150E333-8FDC-42A3-9474-1A3956D46DE8}") = "001", "001", "{FF7349B8-674C-4D99-872D-1585A0DDE5AC}"
EndProject
Project("{FAE04EC0-301F-11D3-BF4B-00C04F79EFBC}") = "001", "001\001.csproj", "{71B021B1-6E58-4B01-B9E3-3E92EB9013A0}"
EndProject
Project("{2150E333-8FDC-42A3-9474-1A3956D46DE8}") = "002", "002", "{71BE82B2-18E8-4ADC-80A1-47DCEA5B3F66}"
EndProject
Project("{FAE04EC0-301F-11D3-BF4B-00C04F79EFBC}") = "002", "002\002.csproj", "{3AA01179-1A04-46BA-AB6A-43E6A7B5EA2C}"
EndProject
Project("{2150E333-8FDC-42A3-9474-1A3956D46DE8}") = "003", "003", "{9AA72C68-FD53-48FB-967A-143C2834F59F}"
EndProject
Project("{FAE04EC0-301F-11D3-BF4B-00C04F79EFBC}") = "003", "003\003.csproj", "{A84EB4C6-3CB7-48F9-B604-5309C10B92D0}"
EndProject
Project("{2150E333-8FDC-42A3-9474-1A3956D46DE8}") = "004", "004", "{7B647FE4-A11F-40D4-B1CF-9DD47D55EA91}"
EndProject
Project("{FAE04EC0-301F-11D3-BF4B-00C04F79EFBC}") = "004", "004\004.csproj", "{4D7AC41D-4175-47B2-AF0A-B7B4CBB3E522}"
EndProject
Project("{2150E333-8FDC-42A3-9474-1A3956D46DE8}") = "005", "005", "{9B8EC391-3631-4B8C-B2C0-655135567673}"
EndProject
Project("{FAE04EC0-301F-11D3-BF4B-00C04F79EFBC}") = "005", "005\005.csproj", "{CEA06B4E-4983-40F9-9717-AB3057C5D7C5}"
EndProject
Project("{2150E333-8FDC-42A3-9474-1A3956D46DE8}") = "006", "006", "{D02A6AE9-3E04-4239-8B3A-0E65603FBEB8}"
EndProject
Project("{FAE04EC0-301F-11D3-BF4B-00C04F79EFBC}") = "006", "006\006.csproj", "{748495AB-B412-4AF6-BEB0-0518F847AC05}"
EndProject
Project("{2150E333-8FDC-42A3-9474-1A3956D46DE8}") = "007", "007", "{5B85324F-678E-4D85-B5FF-87C2C727DFED}"
EndProject
Project("{FAE04EC0-301F-11D3-BF4B-00C04F79EFBC}") = "007", "007\007.csproj", "{2B704657-8AEC-4AA4-B58C-9055DCFD6510}"
EndProject
Global
	GlobalSection(SolutionConfigurationPlatforms) = preSolution
		Debug|Any CPU = Debug|Any CPU
		Release|Any CPU = Release|Any CPU
	EndGlobalSection
	GlobalSection(ProjectConfigurationPlatforms) = postSolution
		{71B021B1-6E58-4B01-B9E3-3E92EB9013A0}.Debug|Any CPU.ActiveCfg = Debug|Any CPU
		{71B021B1-6E58-4B01-B9E3-3E92EB9013A0}.Debug|Any CPU.Build.0 = Debug|Any CPU
		{71B021B1-6E58-4B01-B9E3-3E92EB9013A0}.Release|Any CPU.ActiveCfg = Release|Any CPU
		{71B021B1-6E58-4B01-B9E3-3E92EB9013A0}.Release|Any CPU.Build.0 = Release|Any CPU
		{3AA01179-1A04-46BA-AB6A-43E6A7B5EA2C}.Debug|Any CPU.ActiveCfg = Debug|Any CPU
		{3AA01179-1A04-46BA-AB6A-43E6A7B5EA2C}.Debug|Any CPU.Build.0 = Debug|Any CPU
		{3AA01179-1A04-46BA-AB6A-43E6A7B5EA2C}.Release|Any CPU.ActiveCfg = Release|Any CPU
		{3AA01179-1A04-46BA-AB6A-43E6A7B5EA2C}.Release|Any CPU.Build.0 = Release|Any CPU
		{A84EB4C6-3CB7-48F9-B604-5309C10B92D0}.Debug|Any CPU.ActiveCfg = Debug|Any CPU
		{A84EB4C6-3CB7-48F9-B604-5309C10B92D0}.Debug|Any CPU.Build.0 = Debug|Any CPU
		{A84EB4C6-3CB7-48F9-B604-5309C10B92D0}.Release|Any CPU.ActiveCfg = Release|Any CPU
		{A84EB4C6-3CB7-48F9-B604-5309C10B92D0}.Release|Any CPU.Build.0 = Release|Any CPU
		{4D7AC41D-4175-47B2-AF0A-B7B4CBB3E522}.Debug|Any CPU.ActiveCfg = Debug|Any CPU
		{4D7AC41D-4175-47B2-AF0A-B7B4CBB3E522}.Debug|Any CPU.Build.0 = Debug|Any CPU
		{4D7AC41D-4175-47B2-AF0A-B7B4CBB3E522}.Release|Any CPU.ActiveCfg = Release|Any CPU
		{4D7AC41D-4175-47B2-AF0A-B7B4CBB3E522}.Release|Any CPU.Build.0 = Release|Any CPU
		{CEA06B4E-4983-40F9-9717-AB3057C5D7C5}.Debug|Any CPU.ActiveCfg = Debug|Any CPU
		{CEA06B4E-4983-40F9-9717-AB3057C5D7C5}.Debug|Any CPU.Build.0 = Debug|Any CPU
		{CEA06B4E-4983-40F9-9717-AB3057C5D7C5}.Release|Any CPU.ActiveCfg = Release|Any CPU
		{CEA06B4E-4983-40F9-9717-AB3057C5D7C5}.Release|Any CPU.Build.0 = Release|Any CPU
		{748495AB-B412-4AF6-BEB0-0518F847AC05}.Debug|Any CPU.ActiveCfg = Debug|Any CPU
		{748495AB-B412-4AF6-BEB0-0518F847AC05}.Debug|Any CPU.Build.0 = Debug|Any CPU
		{748495AB-B412-4AF6-BEB0-0518F847AC05}.Release|Any CPU.ActiveCfg = Release|Any CPU
		{748495AB-B412-4AF6-BEB0-0518F847AC05}.Release|Any CPU.Build.0 = Release|Any CPU
		{2B704657-8AEC-4AA4-B58C-9055DCFD6510}.Debug|Any CPU.ActiveCfg = Debug|Any CPU
		{2B704657-8AEC-4AA4-B58C-9055DCFD6510}.Debug|Any CPU.Build.0 = Debug|Any CPU
		{2B704657-8AEC-4AA4-B58C-9055DCFD6510}.Release|Any CPU.ActiveCfg = Release|Any CPU
		{2B704657-8AEC-4AA4-B58C-9055DCFD6510}.Release|Any CPU.Build.0 = Release|Any CPU
	EndGlobalSection
	GlobalSection(SolutionProperties) = preSolution
		HideSolutionNode = FALSE
	EndGlobalSection
	GlobalSection(NestedProjects) = preSolution
		{71B021B1-6E58-4B01-B9E3-3E92EB9013A0} = {FF7349B8-674C-4D99-872D-1585A0DDE5AC}
		{3AA01179-1A04-46BA-AB6A-43E6A7B5EA2C} = {71BE82B2-18E8-4ADC-80A1-47DCEA5B3F66}
		{A84EB4C6-3CB7-48F9-B604-5309C10B92D0} = {9AA72C68-FD53-48FB-967A-143C2834F59F}
		{4D7AC41D-4175-47B2-AF0A-B7B4CBB3E522} = {7B647FE4-A11F-40D4-B1CF-9DD47D55EA91}
		{CEA06B4E-4983-40F9-9717-AB3057C5D7C5} = {9B8EC391-3631-4B8C-B2C0-655135567673}
		{748495AB-B412-4AF6-BEB0-0518F847AC05} = {D02A6AE9-3E04-4239-8B3A-0E65603FBEB8}
		{2B704657-8AEC-4AA4-B58C-9055DCFD6510} = {5B85324F-678E-4D85-B5FF-87C2C727DFED}
	EndGlobalSection
	GlobalSection(ExtensibilityGlobals) = postSolution
		SolutionGuid = {25F81FEC-E240-44A5-99FD-A7214F5C37DD}
	EndGlobalSection
EndGlobal
