
Microsoft Visual Studio Solution File, Format Version 12.00
# Visual Studio Version 17
VisualStudioVersion = 17.2.32317.152
MinimumVisualStudioVersion = 10.0.40219.1
Project("{2150E333-8FDC-42A3-9474-1A3956D46DE8}") = "001", "001", "{F97955CA-FB4B-4D85-AF30-8F43CBA0BFC8}"
EndProject
Project("{FAE04EC0-301F-11D3-BF4B-00C04F79EFBC}") = "app", "001\app.csproj", "{7681E6EF-FD82-4279-8D32-C7624DD35CB0}"
EndProject
Project("{2150E333-8FDC-42A3-9474-1A3956D46DE8}") = "002", "002", "{0BBFFE70-7E5D-48E6-88FE-B3B28E855B31}"
EndProject
Project("{FAE04EC0-301F-11D3-BF4B-00C04F79EFBC}") = "app", "002\app.csproj", "{0A8F7DFB-07AF-4927-99DE-3DB13FD9A9BF}"
EndProject
Project("{2150E333-8FDC-42A3-9474-1A3956D46DE8}") = "003", "003", "{162C9B8A-F6CA-4AC6-8A2A-E2EE359C26C8}"
EndProject
Project("{FAE04EC0-301F-11D3-BF4B-00C04F79EFBC}") = "app", "003\app.csproj", "{3B771BAD-B250-4050-B2A7-3F49F1AE8BDF}"
EndProject
Project("{2150E333-8FDC-42A3-9474-1A3956D46DE8}") = "004", "004", "{D5F63F34-444C-4911-BF47-5B53E0C03CFE}"
EndProject
Project("{FAE04EC0-301F-11D3-BF4B-00C04F79EFBC}") = "app", "004\app.csproj", "{D65C496A-71FC-4F76-B60E-BFD586591FDE}"
EndProject
Project("{2150E333-8FDC-42A3-9474-1A3956D46DE8}") = "005", "005", "{B3EE952D-3B2B-4D0B-92CB-DE60C6DF35CC}"
EndProject
Project("{FAE04EC0-301F-11D3-BF4B-00C04F79EFBC}") = "app", "005\app.csproj", "{01EA450E-15C0-4D0D-A842-AA332937B046}"
EndProject
Project("{2150E333-8FDC-42A3-9474-1A3956D46DE8}") = "006", "006", "{8C75BE61-3A55-45D5-B2F0-123C5F69AAEC}"
EndProject
Project("{FAE04EC0-301F-11D3-BF4B-00C04F79EFBC}") = "app", "006\app.csproj", "{9C8F4CA7-A201-412E-AE5D-AC432A31C130}"
EndProject
Global
	GlobalSection(SolutionConfigurationPlatforms) = preSolution
		Debug|Any CPU = Debug|Any CPU
		Release|Any CPU = Release|Any CPU
	EndGlobalSection
	GlobalSection(ProjectConfigurationPlatforms) = postSolution
		{7681E6EF-FD82-4279-8D32-C7624DD35CB0}.Debug|Any CPU.ActiveCfg = Debug|Any CPU
		{7681E6EF-FD82-4279-8D32-C7624DD35CB0}.Debug|Any CPU.Build.0 = Debug|Any CPU
		{7681E6EF-FD82-4279-8D32-C7624DD35CB0}.Release|Any CPU.ActiveCfg = Release|Any CPU
		{7681E6EF-FD82-4279-8D32-C7624DD35CB0}.Release|Any CPU.Build.0 = Release|Any CPU
		{0A8F7DFB-07AF-4927-99DE-3DB13FD9A9BF}.Debug|Any CPU.ActiveCfg = Debug|Any CPU
		{0A8F7DFB-07AF-4927-99DE-3DB13FD9A9BF}.Debug|Any CPU.Build.0 = Debug|Any CPU
		{0A8F7DFB-07AF-4927-99DE-3DB13FD9A9BF}.Release|Any CPU.ActiveCfg = Release|Any CPU
		{0A8F7DFB-07AF-4927-99DE-3DB13FD9A9BF}.Release|Any CPU.Build.0 = Release|Any CPU
		{3B771BAD-B250-4050-B2A7-3F49F1AE8BDF}.Debug|Any CPU.ActiveCfg = Debug|Any CPU
		{3B771BAD-B250-4050-B2A7-3F49F1AE8BDF}.Debug|Any CPU.Build.0 = Debug|Any CPU
		{3B771BAD-B250-4050-B2A7-3F49F1AE8BDF}.Release|Any CPU.ActiveCfg = Release|Any CPU
		{3B771BAD-B250-4050-B2A7-3F49F1AE8BDF}.Release|Any CPU.Build.0 = Release|Any CPU
		{D65C496A-71FC-4F76-B60E-BFD586591FDE}.Debug|Any CPU.ActiveCfg = Debug|Any CPU
		{D65C496A-71FC-4F76-B60E-BFD586591FDE}.Debug|Any CPU.Build.0 = Debug|Any CPU
		{D65C496A-71FC-4F76-B60E-BFD586591FDE}.Release|Any CPU.ActiveCfg = Release|Any CPU
		{D65C496A-71FC-4F76-B60E-BFD586591FDE}.Release|Any CPU.Build.0 = Release|Any CPU
		{01EA450E-15C0-4D0D-A842-AA332937B046}.Debug|Any CPU.ActiveCfg = Debug|Any CPU
		{01EA450E-15C0-4D0D-A842-AA332937B046}.Debug|Any CPU.Build.0 = Debug|Any CPU
		{01EA450E-15C0-4D0D-A842-AA332937B046}.Release|Any CPU.ActiveCfg = Release|Any CPU
		{01EA450E-15C0-4D0D-A842-AA332937B046}.Release|Any CPU.Build.0 = Release|Any CPU
		{9C8F4CA7-A201-412E-AE5D-AC432A31C130}.Debug|Any CPU.ActiveCfg = Debug|Any CPU
		{9C8F4CA7-A201-412E-AE5D-AC432A31C130}.Debug|Any CPU.Build.0 = Debug|Any CPU
		{9C8F4CA7-A201-412E-AE5D-AC432A31C130}.Release|Any CPU.ActiveCfg = Release|Any CPU
		{9C8F4CA7-A201-412E-AE5D-AC432A31C130}.Release|Any CPU.Build.0 = Release|Any CPU
	EndGlobalSection
	GlobalSection(SolutionProperties) = preSolution
		HideSolutionNode = FALSE
	EndGlobalSection
	GlobalSection(NestedProjects) = preSolution
		{7681E6EF-FD82-4279-8D32-C7624DD35CB0} = {F97955CA-FB4B-4D85-AF30-8F43CBA0BFC8}
		{0A8F7DFB-07AF-4927-99DE-3DB13FD9A9BF} = {0BBFFE70-7E5D-48E6-88FE-B3B28E855B31}
		{3B771BAD-B250-4050-B2A7-3F49F1AE8BDF} = {162C9B8A-F6CA-4AC6-8A2A-E2EE359C26C8}
		{D65C496A-71FC-4F76-B60E-BFD586591FDE} = {D5F63F34-444C-4911-BF47-5B53E0C03CFE}
		{01EA450E-15C0-4D0D-A842-AA332937B046} = {B3EE952D-3B2B-4D0B-92CB-DE60C6DF35CC}
		{9C8F4CA7-A201-412E-AE5D-AC432A31C130} = {8C75BE61-3A55-45D5-B2F0-123C5F69AAEC}
	EndGlobalSection
	GlobalSection(ExtensibilityGlobals) = postSolution
		SolutionGuid = {67C52E3A-77EB-4363-A6AA-1B0EB92F3440}
	EndGlobalSection
EndGlobal
