
Microsoft Visual Studio Solution File, Format Version 12.00
# Visual Studio Version 17
VisualStudioVersion = 17.2.32317.152
MinimumVisualStudioVersion = 10.0.40219.1
Project("{2150E333-8FDC-42A3-9474-1A3956D46DE8}") = "001", "001", "{878D8761-D3C3-45AC-83D7-032BFC168A28}"
EndProject
Project("{9A19103F-16F7-4668-BE54-9A1E7A4F7556}") = "app", "001\app.csproj", "{E62C7F93-F1C9-4538-BFDF-0172544254DD}"
EndProject
Project("{2150E333-8FDC-42A3-9474-1A3956D46DE8}") = "002", "002", "{477A85E6-09D9-4F05-8595-4280533AD4E3}"
EndProject
Project("{FAE04EC0-301F-11D3-BF4B-00C04F79EFBC}") = "app", "002\app.csproj", "{07F004D4-1821-4BB9-B737-C6C3A896EC72}"
EndProject
Project("{2150E333-8FDC-42A3-9474-1A3956D46DE8}") = "003", "003", "{1B02F5E2-7DE9-49B6-8AC9-10022A0E48DF}"
EndProject
Project("{FAE04EC0-301F-11D3-BF4B-00C04F79EFBC}") = "app", "003\app.csproj", "{D52C8B7A-3ECF-4F76-827B-79ECD6680285}"
EndProject
Project("{2150E333-8FDC-42A3-9474-1A3956D46DE8}") = "004", "004", "{A46B7BE4-3604-4D00-BD56-A1E142CCEC5D}"
EndProject
Project("{FAE04EC0-301F-11D3-BF4B-00C04F79EFBC}") = "app", "004\app.csproj", "{DF46C8B5-2444-4994-B1AB-F08F248C8447}"
EndProject
Project("{2150E333-8FDC-42A3-9474-1A3956D46DE8}") = "005", "005", "{4089C45B-7058-43BE-94F7-EF70510544D5}"
EndProject
Project("{FAE04EC0-301F-11D3-BF4B-00C04F79EFBC}") = "app", "005\app.csproj", "{DA95CDC5-707C-428C-A93F-952FF3DC8953}"
EndProject
Project("{2150E333-8FDC-42A3-9474-1A3956D46DE8}") = "006", "006", "{5E13A2A8-9BB0-4FBF-A1A0-A95A47EAD38F}"
EndProject
Project("{FAE04EC0-301F-11D3-BF4B-00C04F79EFBC}") = "app", "006\app.csproj", "{85A981A9-BDB6-4B5A-9FF8-32FB6518F12B}"
EndProject
Project("{2150E333-8FDC-42A3-9474-1A3956D46DE8}") = "007", "007", "{50A76F35-6318-4157-830A-431F77B40CE6}"
EndProject
Project("{FAE04EC0-301F-11D3-BF4B-00C04F79EFBC}") = "app", "007\app.csproj", "{D51354D8-A820-4383-8A60-374FA3B2596C}"
EndProject
Project("{2150E333-8FDC-42A3-9474-1A3956D46DE8}") = "008", "008", "{11E1F0FD-2836-4F64-BC1A-334F675AB357}"
EndProject
Project("{FAE04EC0-301F-11D3-BF4B-00C04F79EFBC}") = "app", "008\app.csproj", "{45CEBA35-D528-41D7-BE31-12AFF4B2099F}"
EndProject
Project("{2150E333-8FDC-42A3-9474-1A3956D46DE8}") = "009", "009", "{619657AB-9DBB-4252-BBE9-F7F8AC24B649}"
EndProject
Project("{FAE04EC0-301F-11D3-BF4B-00C04F79EFBC}") = "app", "009\app.csproj", "{B742BC0A-F3EA-463D-8B33-6B3244051354}"
EndProject
Project("{2150E333-8FDC-42A3-9474-1A3956D46DE8}") = "010", "010", "{B85FF209-58CF-4D63-8080-CE989C8B5FCB}"
EndProject
Project("{FAE04EC0-301F-11D3-BF4B-00C04F79EFBC}") = "app", "010\app.csproj", "{6C062DB1-B279-4B73-AF16-8B5C4C6F0E9E}"
EndProject
Project("{FAE04EC0-301F-11D3-BF4B-00C04F79EFBC}") = "app", "011\app.csproj", "{650EF7B3-E402-4051-9EB8-216B90C99A68}"
EndProject
Project("{2150E333-8FDC-42A3-9474-1A3956D46DE8}") = "011", "011", "{190C26BF-90ED-48BA-80AB-A89251DA0FE7}"
EndProject
Project("{2150E333-8FDC-42A3-9474-1A3956D46DE8}") = "012", "012", "{9D191FE2-6BB6-4AD8-9674-BD6C691A6528}"
EndProject
Global
	GlobalSection(SolutionConfigurationPlatforms) = preSolution
		Debug|Any CPU = Debug|Any CPU
		Release|Any CPU = Release|Any CPU
	EndGlobalSection
	GlobalSection(ProjectConfigurationPlatforms) = postSolution
		{E62C7F93-F1C9-4538-BFDF-0172544254DD}.Debug|Any CPU.ActiveCfg = Debug|Any CPU
		{E62C7F93-F1C9-4538-BFDF-0172544254DD}.Debug|Any CPU.Build.0 = Debug|Any CPU
		{E62C7F93-F1C9-4538-BFDF-0172544254DD}.Release|Any CPU.ActiveCfg = Release|Any CPU
		{E62C7F93-F1C9-4538-BFDF-0172544254DD}.Release|Any CPU.Build.0 = Release|Any CPU
		{07F004D4-1821-4BB9-B737-C6C3A896EC72}.Debug|Any CPU.ActiveCfg = Debug|Any CPU
		{07F004D4-1821-4BB9-B737-C6C3A896EC72}.Debug|Any CPU.Build.0 = Debug|Any CPU
		{07F004D4-1821-4BB9-B737-C6C3A896EC72}.Release|Any CPU.ActiveCfg = Release|Any CPU
		{07F004D4-1821-4BB9-B737-C6C3A896EC72}.Release|Any CPU.Build.0 = Release|Any CPU
		{D52C8B7A-3ECF-4F76-827B-79ECD6680285}.Debug|Any CPU.ActiveCfg = Debug|Any CPU
		{D52C8B7A-3ECF-4F76-827B-79ECD6680285}.Debug|Any CPU.Build.0 = Debug|Any CPU
		{D52C8B7A-3ECF-4F76-827B-79ECD6680285}.Release|Any CPU.ActiveCfg = Release|Any CPU
		{D52C8B7A-3ECF-4F76-827B-79ECD6680285}.Release|Any CPU.Build.0 = Release|Any CPU
		{DF46C8B5-2444-4994-B1AB-F08F248C8447}.Debug|Any CPU.ActiveCfg = Debug|Any CPU
		{DF46C8B5-2444-4994-B1AB-F08F248C8447}.Debug|Any CPU.Build.0 = Debug|Any CPU
		{DF46C8B5-2444-4994-B1AB-F08F248C8447}.Release|Any CPU.ActiveCfg = Release|Any CPU
		{DF46C8B5-2444-4994-B1AB-F08F248C8447}.Release|Any CPU.Build.0 = Release|Any CPU
		{DA95CDC5-707C-428C-A93F-952FF3DC8953}.Debug|Any CPU.ActiveCfg = Debug|Any CPU
		{DA95CDC5-707C-428C-A93F-952FF3DC8953}.Debug|Any CPU.Build.0 = Debug|Any CPU
		{DA95CDC5-707C-428C-A93F-952FF3DC8953}.Release|Any CPU.ActiveCfg = Release|Any CPU
		{DA95CDC5-707C-428C-A93F-952FF3DC8953}.Release|Any CPU.Build.0 = Release|Any CPU
		{85A981A9-BDB6-4B5A-9FF8-32FB6518F12B}.Debug|Any CPU.ActiveCfg = Debug|Any CPU
		{85A981A9-BDB6-4B5A-9FF8-32FB6518F12B}.Debug|Any CPU.Build.0 = Debug|Any CPU
		{85A981A9-BDB6-4B5A-9FF8-32FB6518F12B}.Release|Any CPU.ActiveCfg = Release|Any CPU
		{85A981A9-BDB6-4B5A-9FF8-32FB6518F12B}.Release|Any CPU.Build.0 = Release|Any CPU
		{D51354D8-A820-4383-8A60-374FA3B2596C}.Debug|Any CPU.ActiveCfg = Debug|Any CPU
		{D51354D8-A820-4383-8A60-374FA3B2596C}.Debug|Any CPU.Build.0 = Debug|Any CPU
		{D51354D8-A820-4383-8A60-374FA3B2596C}.Release|Any CPU.ActiveCfg = Release|Any CPU
		{D51354D8-A820-4383-8A60-374FA3B2596C}.Release|Any CPU.Build.0 = Release|Any CPU
		{45CEBA35-D528-41D7-BE31-12AFF4B2099F}.Debug|Any CPU.ActiveCfg = Debug|Any CPU
		{45CEBA35-D528-41D7-BE31-12AFF4B2099F}.Debug|Any CPU.Build.0 = Debug|Any CPU
		{45CEBA35-D528-41D7-BE31-12AFF4B2099F}.Release|Any CPU.ActiveCfg = Release|Any CPU
		{45CEBA35-D528-41D7-BE31-12AFF4B2099F}.Release|Any CPU.Build.0 = Release|Any CPU
		{B742BC0A-F3EA-463D-8B33-6B3244051354}.Debug|Any CPU.ActiveCfg = Debug|Any CPU
		{B742BC0A-F3EA-463D-8B33-6B3244051354}.Debug|Any CPU.Build.0 = Debug|Any CPU
		{B742BC0A-F3EA-463D-8B33-6B3244051354}.Release|Any CPU.ActiveCfg = Release|Any CPU
		{B742BC0A-F3EA-463D-8B33-6B3244051354}.Release|Any CPU.Build.0 = Release|Any CPU
		{6C062DB1-B279-4B73-AF16-8B5C4C6F0E9E}.Debug|Any CPU.ActiveCfg = Debug|Any CPU
		{6C062DB1-B279-4B73-AF16-8B5C4C6F0E9E}.Debug|Any CPU.Build.0 = Debug|Any CPU
		{6C062DB1-B279-4B73-AF16-8B5C4C6F0E9E}.Release|Any CPU.ActiveCfg = Release|Any CPU
		{6C062DB1-B279-4B73-AF16-8B5C4C6F0E9E}.Release|Any CPU.Build.0 = Release|Any CPU
		{650EF7B3-E402-4051-9EB8-216B90C99A68}.Debug|Any CPU.ActiveCfg = Debug|Any CPU
		{650EF7B3-E402-4051-9EB8-216B90C99A68}.Debug|Any CPU.Build.0 = Debug|Any CPU
		{650EF7B3-E402-4051-9EB8-216B90C99A68}.Release|Any CPU.ActiveCfg = Release|Any CPU
		{650EF7B3-E402-4051-9EB8-216B90C99A68}.Release|Any CPU.Build.0 = Release|Any CPU
	EndGlobalSection
	GlobalSection(SolutionProperties) = preSolution
		HideSolutionNode = FALSE
	EndGlobalSection
	GlobalSection(NestedProjects) = preSolution
		{E62C7F93-F1C9-4538-BFDF-0172544254DD} = {878D8761-D3C3-45AC-83D7-032BFC168A28}
		{07F004D4-1821-4BB9-B737-C6C3A896EC72} = {477A85E6-09D9-4F05-8595-4280533AD4E3}
		{D52C8B7A-3ECF-4F76-827B-79ECD6680285} = {1B02F5E2-7DE9-49B6-8AC9-10022A0E48DF}
		{DF46C8B5-2444-4994-B1AB-F08F248C8447} = {A46B7BE4-3604-4D00-BD56-A1E142CCEC5D}
		{DA95CDC5-707C-428C-A93F-952FF3DC8953} = {4089C45B-7058-43BE-94F7-EF70510544D5}
		{85A981A9-BDB6-4B5A-9FF8-32FB6518F12B} = {5E13A2A8-9BB0-4FBF-A1A0-A95A47EAD38F}
		{D51354D8-A820-4383-8A60-374FA3B2596C} = {50A76F35-6318-4157-830A-431F77B40CE6}
		{45CEBA35-D528-41D7-BE31-12AFF4B2099F} = {11E1F0FD-2836-4F64-BC1A-334F675AB357}
		{B742BC0A-F3EA-463D-8B33-6B3244051354} = {619657AB-9DBB-4252-BBE9-F7F8AC24B649}
		{6C062DB1-B279-4B73-AF16-8B5C4C6F0E9E} = {B85FF209-58CF-4D63-8080-CE989C8B5FCB}
		{650EF7B3-E402-4051-9EB8-216B90C99A68} = {190C26BF-90ED-48BA-80AB-A89251DA0FE7}
	EndGlobalSection
	GlobalSection(ExtensibilityGlobals) = postSolution
		SolutionGuid = {55972766-EC46-4629-B3EE-B4E14A701990}
	EndGlobalSection
EndGlobal
