
Microsoft Visual Studio Solution File, Format Version 12.00
# Visual Studio Version 17
VisualStudioVersion = 17.2.32317.152
MinimumVisualStudioVersion = 10.0.40219.1
Project("{9A19103F-16F7-4668-BE54-9A1E7A4F7556}") = "MiniConfig.Client", "MiniConfig.Client\MiniConfig.Client.csproj", "{CD8A0E8C-CAA0-4A98-897E-99941F0C6970}"
EndProject
Project("{9A19103F-16F7-4668-BE54-9A1E7A4F7556}") = "MiniConfig.Server", "MiniConfig.Server\MiniConfig.Server.csproj", "{062C703E-3510-401F-ABF9-15F40E4FE4D3}"
EndProject
Project("{9A19103F-16F7-4668-BE54-9A1E7A4F7556}") = "MiniConfig", "MiniConfig\MiniConfig.csproj", "{57988037-71BD-429C-B1DF-B071B9D9D2CA}"
EndProject
Global
	GlobalSection(SolutionConfigurationPlatforms) = preSolution
		Debug|Any CPU = Debug|Any CPU
		Release|Any CPU = Release|Any CPU
	EndGlobalSection
	GlobalSection(ProjectConfigurationPlatforms) = postSolution
		{CD8A0E8C-CAA0-4A98-897E-99941F0C6970}.Debug|Any CPU.ActiveCfg = Debug|Any CPU
		{CD8A0E8C-CAA0-4A98-897E-99941F0C6970}.Debug|Any CPU.Build.0 = Debug|Any CPU
		{CD8A0E8C-CAA0-4A98-897E-99941F0C6970}.Release|Any CPU.ActiveCfg = Release|Any CPU
		{CD8A0E8C-CAA0-4A98-897E-99941F0C6970}.Release|Any CPU.Build.0 = Release|Any CPU
		{062C703E-3510-401F-ABF9-15F40E4FE4D3}.Debug|Any CPU.ActiveCfg = Debug|Any CPU
		{062C703E-3510-401F-ABF9-15F40E4FE4D3}.Debug|Any CPU.Build.0 = Debug|Any CPU
		{062C703E-3510-401F-ABF9-15F40E4FE4D3}.Release|Any CPU.ActiveCfg = Release|Any CPU
		{062C703E-3510-401F-ABF9-15F40E4FE4D3}.Release|Any CPU.Build.0 = Release|Any CPU
		{57988037-71BD-429C-B1DF-B071B9D9D2CA}.Debug|Any CPU.ActiveCfg = Debug|Any CPU
		{57988037-71BD-429C-B1DF-B071B9D9D2CA}.Debug|Any CPU.Build.0 = Debug|Any CPU
		{57988037-71BD-429C-B1DF-B071B9D9D2CA}.Release|Any CPU.ActiveCfg = Release|Any CPU
		{57988037-71BD-429C-B1DF-B071B9D9D2CA}.Release|Any CPU.Build.0 = Release|Any CPU
	EndGlobalSection
	GlobalSection(SolutionProperties) = preSolution
		HideSolutionNode = FALSE
	EndGlobalSection
	GlobalSection(ExtensibilityGlobals) = postSolution
		SolutionGuid = {A7769996-6753-43B5-AB0C-4E8FE53B15E1}
	EndGlobalSection
EndGlobal
