
Microsoft Visual Studio Solution File, Format Version 12.00
# Visual Studio Version 17
VisualStudioVersion = 17.2.32422.2
MinimumVisualStudioVersion = 10.0.40219.1
Project("{9A19103F-16F7-4668-BE54-9A1E7A4F7556}") = "app", "001\app.csproj", "{A8A362DC-57BD-4AC9-A99D-E6AE360D3B57}"
EndProject
Global
	GlobalSection(SolutionConfigurationPlatforms) = preSolution
		Debug|Any CPU = Debug|Any CPU
		Release|Any CPU = Release|Any CPU
	EndGlobalSection
	GlobalSection(ProjectConfigurationPlatforms) = postSolution
		{A8A362DC-57BD-4AC9-A99D-E6AE360D3B57}.Debug|Any CPU.ActiveCfg = Debug|Any CPU
		{A8A362DC-57BD-4AC9-A99D-E6AE360D3B57}.Debug|Any CPU.Build.0 = Debug|Any CPU
		{A8A362DC-57BD-4AC9-A99D-E6AE360D3B57}.Release|Any CPU.ActiveCfg = Release|Any CPU
		{A8A362DC-57BD-4AC9-A99D-E6AE360D3B57}.Release|Any CPU.Build.0 = Release|Any CPU
	EndGlobalSection
	GlobalSection(SolutionProperties) = preSolution
		HideSolutionNode = FALSE
	EndGlobalSection
	GlobalSection(ExtensibilityGlobals) = postSolution
		SolutionGuid = {9E1F165F-1290-4609-BB2F-B7C94B9506FE}
	EndGlobalSection
EndGlobal
