
Microsoft Visual Studio Solution File, Format Version 12.00
# Visual Studio Version 17
VisualStudioVersion = 17.2.32317.152
MinimumVisualStudioVersion = 10.0.40219.1
Project("{2150E333-8FDC-42A3-9474-1A3956D46DE8}") = "001", "001", "{D16BBF04-C0AE-4AEF-979F-31B1F8CAD0A0}"
EndProject
Project("{FAE04EC0-301F-11D3-BF4B-00C04F79EFBC}") = "001", "001\001.csproj", "{D92642C5-287F-4D01-B925-99FEC0CDF67B}"
EndProject
Project("{2150E333-8FDC-42A3-9474-1A3956D46DE8}") = "002", "002", "{C44248AF-C8DC-44F2-9614-0571E2FD34F0}"
EndProject
Project("{FAE04EC0-301F-11D3-BF4B-00C04F79EFBC}") = "002", "002\002.csproj", "{B0A97522-7CE4-47AA-B4E2-B624693B308D}"
EndProject
Project("{2150E333-8FDC-42A3-9474-1A3956D46DE8}") = "003", "003", "{66C4714E-4D2B-4758-8A13-FE3C3E88C8E1}"
EndProject
Project("{FAE04EC0-301F-11D3-BF4B-00C04F79EFBC}") = "003", "003\003.csproj", "{A51C092F-0861-4AAC-8A00-9B20826BBFD3}"
EndProject
Project("{2150E333-8FDC-42A3-9474-1A3956D46DE8}") = "004", "004", "{899DA7B8-214E-4EA3-9395-B63830380A20}"
EndProject
Project("{FAE04EC0-301F-11D3-BF4B-00C04F79EFBC}") = "app", "004\app.csproj", "{68D59DE7-DBA3-4F37-A434-F46A6BD1285E}"
EndProject
Project("{2150E333-8FDC-42A3-9474-1A3956D46DE8}") = "005", "005", "{3AEA80F4-CAA9-4C53-973F-76CAB4801C80}"
EndProject
Project("{FAE04EC0-301F-11D3-BF4B-00C04F79EFBC}") = "app", "005\app.csproj", "{F64AE2B6-DF23-44A0-B32D-F28FC279D8E8}"
EndProject
Project("{2150E333-8FDC-42A3-9474-1A3956D46DE8}") = "006", "006", "{4A655A50-19BB-4419-A1C2-D859F2B7C2CA}"
EndProject
Project("{FAE04EC0-301F-11D3-BF4B-00C04F79EFBC}") = "app", "006\app.csproj", "{0CEC8017-8536-4190-959A-425A75526B91}"
EndProject
Global
	GlobalSection(SolutionConfigurationPlatforms) = preSolution
		Debug|Any CPU = Debug|Any CPU
		Release|Any CPU = Release|Any CPU
	EndGlobalSection
	GlobalSection(ProjectConfigurationPlatforms) = postSolution
		{D92642C5-287F-4D01-B925-99FEC0CDF67B}.Debug|Any CPU.ActiveCfg = Debug|Any CPU
		{D92642C5-287F-4D01-B925-99FEC0CDF67B}.Debug|Any CPU.Build.0 = Debug|Any CPU
		{D92642C5-287F-4D01-B925-99FEC0CDF67B}.Release|Any CPU.ActiveCfg = Release|Any CPU
		{D92642C5-287F-4D01-B925-99FEC0CDF67B}.Release|Any CPU.Build.0 = Release|Any CPU
		{B0A97522-7CE4-47AA-B4E2-B624693B308D}.Debug|Any CPU.ActiveCfg = Debug|Any CPU
		{B0A97522-7CE4-47AA-B4E2-B624693B308D}.Debug|Any CPU.Build.0 = Debug|Any CPU
		{B0A97522-7CE4-47AA-B4E2-B624693B308D}.Release|Any CPU.ActiveCfg = Release|Any CPU
		{B0A97522-7CE4-47AA-B4E2-B624693B308D}.Release|Any CPU.Build.0 = Release|Any CPU
		{A51C092F-0861-4AAC-8A00-9B20826BBFD3}.Debug|Any CPU.ActiveCfg = Debug|Any CPU
		{A51C092F-0861-4AAC-8A00-9B20826BBFD3}.Debug|Any CPU.Build.0 = Debug|Any CPU
		{A51C092F-0861-4AAC-8A00-9B20826BBFD3}.Release|Any CPU.ActiveCfg = Release|Any CPU
		{A51C092F-0861-4AAC-8A00-9B20826BBFD3}.Release|Any CPU.Build.0 = Release|Any CPU
		{68D59DE7-DBA3-4F37-A434-F46A6BD1285E}.Debug|Any CPU.ActiveCfg = Debug|Any CPU
		{68D59DE7-DBA3-4F37-A434-F46A6BD1285E}.Debug|Any CPU.Build.0 = Debug|Any CPU
		{68D59DE7-DBA3-4F37-A434-F46A6BD1285E}.Release|Any CPU.ActiveCfg = Release|Any CPU
		{68D59DE7-DBA3-4F37-A434-F46A6BD1285E}.Release|Any CPU.Build.0 = Release|Any CPU
		{F64AE2B6-DF23-44A0-B32D-F28FC279D8E8}.Debug|Any CPU.ActiveCfg = Debug|Any CPU
		{F64AE2B6-DF23-44A0-B32D-F28FC279D8E8}.Debug|Any CPU.Build.0 = Debug|Any CPU
		{F64AE2B6-DF23-44A0-B32D-F28FC279D8E8}.Release|Any CPU.ActiveCfg = Release|Any CPU
		{F64AE2B6-DF23-44A0-B32D-F28FC279D8E8}.Release|Any CPU.Build.0 = Release|Any CPU
		{0CEC8017-8536-4190-959A-425A75526B91}.Debug|Any CPU.ActiveCfg = Debug|Any CPU
		{0CEC8017-8536-4190-959A-425A75526B91}.Debug|Any CPU.Build.0 = Debug|Any CPU
		{0CEC8017-8536-4190-959A-425A75526B91}.Release|Any CPU.ActiveCfg = Release|Any CPU
		{0CEC8017-8536-4190-959A-425A75526B91}.Release|Any CPU.Build.0 = Release|Any CPU
	EndGlobalSection
	GlobalSection(SolutionProperties) = preSolution
		HideSolutionNode = FALSE
	EndGlobalSection
	GlobalSection(NestedProjects) = preSolution
		{D92642C5-287F-4D01-B925-99FEC0CDF67B} = {D16BBF04-C0AE-4AEF-979F-31B1F8CAD0A0}
		{B0A97522-7CE4-47AA-B4E2-B624693B308D} = {C44248AF-C8DC-44F2-9614-0571E2FD34F0}
		{A51C092F-0861-4AAC-8A00-9B20826BBFD3} = {66C4714E-4D2B-4758-8A13-FE3C3E88C8E1}
		{68D59DE7-DBA3-4F37-A434-F46A6BD1285E} = {899DA7B8-214E-4EA3-9395-B63830380A20}
		{F64AE2B6-DF23-44A0-B32D-F28FC279D8E8} = {3AEA80F4-CAA9-4C53-973F-76CAB4801C80}
		{0CEC8017-8536-4190-959A-425A75526B91} = {4A655A50-19BB-4419-A1C2-D859F2B7C2CA}
	EndGlobalSection
	GlobalSection(ExtensibilityGlobals) = postSolution
		SolutionGuid = {202FF199-ED0B-459C-8624-50127C86B1B1}
	EndGlobalSection
EndGlobal
