
Microsoft Visual Studio Solution File, Format Version 12.00
# Visual Studio Version 17
VisualStudioVersion = 17.2.32317.152
MinimumVisualStudioVersion = 10.0.40219.1
Project("{2150E333-8FDC-42A3-9474-1A3956D46DE8}") = "001", "001", "{CCEF9086-6152-4F77-B27C-0668D776FDA7}"
EndProject
Project("{FAE04EC0-301F-11D3-BF4B-00C04F79EFBC}") = "app", "001\app.csproj", "{F76C47AA-DE5D-49EA-910B-7FBC13B62B2F}"
EndProject
Project("{2150E333-8FDC-42A3-9474-1A3956D46DE8}") = "002", "002", "{C83E6F1F-9BFC-4F40-B460-6DEDDE908B48}"
EndProject
Project("{FAE04EC0-301F-11D3-BF4B-00C04F79EFBC}") = "app", "app\app.csproj", "{19D44DAD-90CC-43CF-AF53-89B643C89382}"
EndProject
Project("{2150E333-8FDC-42A3-9474-1A3956D46DE8}") = "003", "003", "{E1E0BD80-40A0-4491-AD69-2308A4D5F9A2}"
EndProject
Project("{FAE04EC0-301F-11D3-BF4B-00C04F79EFBC}") = "app", "003\app.csproj", "{11BFE105-3D6F-42D3-B74A-65BD47EE8C68}"
EndProject
Project("{2150E333-8FDC-42A3-9474-1A3956D46DE8}") = "004", "004", "{FB93DECE-9F70-4141-9789-6B6C64B38D02}"
EndProject
Project("{FAE04EC0-301F-11D3-BF4B-00C04F79EFBC}") = "004", "004\004.csproj", "{04C9EC1B-38A4-4BEE-959B-D79A19F76BFF}"
EndProject
Project("{2150E333-8FDC-42A3-9474-1A3956D46DE8}") = "005", "005", "{4F17AD31-186D-4EA5-998C-9EEBC82817AA}"
EndProject
Project("{FAE04EC0-301F-11D3-BF4B-00C04F79EFBC}") = "app", "005\app.csproj", "{D4CB028E-758C-4058-A40C-F550CD4681D4}"
EndProject
Global
	GlobalSection(SolutionConfigurationPlatforms) = preSolution
		Debug|Any CPU = Debug|Any CPU
		Release|Any CPU = Release|Any CPU
	EndGlobalSection
	GlobalSection(ProjectConfigurationPlatforms) = postSolution
		{F76C47AA-DE5D-49EA-910B-7FBC13B62B2F}.Debug|Any CPU.ActiveCfg = Debug|Any CPU
		{F76C47AA-DE5D-49EA-910B-7FBC13B62B2F}.Debug|Any CPU.Build.0 = Debug|Any CPU
		{F76C47AA-DE5D-49EA-910B-7FBC13B62B2F}.Release|Any CPU.ActiveCfg = Release|Any CPU
		{F76C47AA-DE5D-49EA-910B-7FBC13B62B2F}.Release|Any CPU.Build.0 = Release|Any CPU
		{19D44DAD-90CC-43CF-AF53-89B643C89382}.Debug|Any CPU.ActiveCfg = Debug|Any CPU
		{19D44DAD-90CC-43CF-AF53-89B643C89382}.Debug|Any CPU.Build.0 = Debug|Any CPU
		{19D44DAD-90CC-43CF-AF53-89B643C89382}.Release|Any CPU.ActiveCfg = Release|Any CPU
		{19D44DAD-90CC-43CF-AF53-89B643C89382}.Release|Any CPU.Build.0 = Release|Any CPU
		{11BFE105-3D6F-42D3-B74A-65BD47EE8C68}.Debug|Any CPU.ActiveCfg = Debug|Any CPU
		{11BFE105-3D6F-42D3-B74A-65BD47EE8C68}.Debug|Any CPU.Build.0 = Debug|Any CPU
		{11BFE105-3D6F-42D3-B74A-65BD47EE8C68}.Release|Any CPU.ActiveCfg = Release|Any CPU
		{11BFE105-3D6F-42D3-B74A-65BD47EE8C68}.Release|Any CPU.Build.0 = Release|Any CPU
		{04C9EC1B-38A4-4BEE-959B-D79A19F76BFF}.Debug|Any CPU.ActiveCfg = Debug|Any CPU
		{04C9EC1B-38A4-4BEE-959B-D79A19F76BFF}.Debug|Any CPU.Build.0 = Debug|Any CPU
		{04C9EC1B-38A4-4BEE-959B-D79A19F76BFF}.Release|Any CPU.ActiveCfg = Release|Any CPU
		{04C9EC1B-38A4-4BEE-959B-D79A19F76BFF}.Release|Any CPU.Build.0 = Release|Any CPU
		{D4CB028E-758C-4058-A40C-F550CD4681D4}.Debug|Any CPU.ActiveCfg = Debug|Any CPU
		{D4CB028E-758C-4058-A40C-F550CD4681D4}.Debug|Any CPU.Build.0 = Debug|Any CPU
		{D4CB028E-758C-4058-A40C-F550CD4681D4}.Release|Any CPU.ActiveCfg = Release|Any CPU
		{D4CB028E-758C-4058-A40C-F550CD4681D4}.Release|Any CPU.Build.0 = Release|Any CPU
	EndGlobalSection
	GlobalSection(SolutionProperties) = preSolution
		HideSolutionNode = FALSE
	EndGlobalSection
	GlobalSection(NestedProjects) = preSolution
		{F76C47AA-DE5D-49EA-910B-7FBC13B62B2F} = {CCEF9086-6152-4F77-B27C-0668D776FDA7}
		{19D44DAD-90CC-43CF-AF53-89B643C89382} = {C83E6F1F-9BFC-4F40-B460-6DEDDE908B48}
		{11BFE105-3D6F-42D3-B74A-65BD47EE8C68} = {E1E0BD80-40A0-4491-AD69-2308A4D5F9A2}
		{04C9EC1B-38A4-4BEE-959B-D79A19F76BFF} = {FB93DECE-9F70-4141-9789-6B6C64B38D02}
		{D4CB028E-758C-4058-A40C-F550CD4681D4} = {4F17AD31-186D-4EA5-998C-9EEBC82817AA}
	EndGlobalSection
	GlobalSection(ExtensibilityGlobals) = postSolution
		SolutionGuid = {C29718FC-1B18-4F0F-B1E9-296CF19D4E66}
	EndGlobalSection
EndGlobal
