
Microsoft Visual Studio Solution File, Format Version 12.00
# Visual Studio Version 17
VisualStudioVersion = 17.2.32317.152
MinimumVisualStudioVersion = 10.0.40219.1
Project("{2150E333-8FDC-42A3-9474-1A3956D46DE8}") = "001", "001", "{745CFFC2-7F51-4CFE-B96E-DE281624AF78}"
EndProject
Project("{9A19103F-16F7-4668-BE54-9A1E7A4F7556}") = "MyProject", "001\MyProject.csproj", "{9E1B3A7B-9583-44D0-9013-2139E8EED5CF}"
EndProject
Project("{E53339B2-1760-4266-BCC7-CA923CBCF16C}") = "docker-compose", "docker-compose.dcproj", "{5B3EE481-1D3A-4B46-B7EA-1E5D521DBB8F}"
EndProject
Global
	GlobalSection(SolutionConfigurationPlatforms) = preSolution
		Debug|Any CPU = Debug|Any CPU
		Release|Any CPU = Release|Any CPU
	EndGlobalSection
	GlobalSection(ProjectConfigurationPlatforms) = postSolution
		{9E1B3A7B-9583-44D0-9013-2139E8EED5CF}.Debug|Any CPU.ActiveCfg = Debug|Any CPU
		{9E1B3A7B-9583-44D0-9013-2139E8EED5CF}.Debug|Any CPU.Build.0 = Debug|Any CPU
		{9E1B3A7B-9583-44D0-9013-2139E8EED5CF}.Release|Any CPU.ActiveCfg = Release|Any CPU
		{9E1B3A7B-9583-44D0-9013-2139E8EED5CF}.Release|Any CPU.Build.0 = Release|Any CPU
		{5B3EE481-1D3A-4B46-B7EA-1E5D521DBB8F}.Debug|Any CPU.ActiveCfg = Debug|Any CPU
		{5B3EE481-1D3A-4B46-B7EA-1E5D521DBB8F}.Debug|Any CPU.Build.0 = Debug|Any CPU
		{5B3EE481-1D3A-4B46-B7EA-1E5D521DBB8F}.Release|Any CPU.ActiveCfg = Release|Any CPU
		{5B3EE481-1D3A-4B46-B7EA-1E5D521DBB8F}.Release|Any CPU.Build.0 = Release|Any CPU
	EndGlobalSection
	GlobalSection(SolutionProperties) = preSolution
		HideSolutionNode = FALSE
	EndGlobalSection
	GlobalSection(NestedProjects) = preSolution
		{9E1B3A7B-9583-44D0-9013-2139E8EED5CF} = {745CFFC2-7F51-4CFE-B96E-DE281624AF78}
	EndGlobalSection
	GlobalSection(ExtensibilityGlobals) = postSolution
		SolutionGuid = {BF95DD01-02CA-4854-9E87-E7BE1349412C}
	EndGlobalSection
EndGlobal
