
Microsoft Visual Studio Solution File, Format Version 12.00
# Visual Studio Version 17
VisualStudioVersion = 17.2.32317.152
MinimumVisualStudioVersion = 10.0.40219.1
Project("{2150E333-8FDC-42A3-9474-1A3956D46DE8}") = "001", "001", "{971B4426-9D54-48FC-BDDF-7D961CF09AD8}"
EndProject
Project("{FAE04EC0-301F-11D3-BF4B-00C04F79EFBC}") = "app", "001\app.csproj", "{C9BF9D80-AC46-4EEE-908F-96E7204AB43E}"
EndProject
Project("{2150E333-8FDC-42A3-9474-1A3956D46DE8}") = "002", "002", "{7FCF3CD0-D178-4CB4-950E-3D8492FCE3DE}"
EndProject
Project("{FAE04EC0-301F-11D3-BF4B-00C04F79EFBC}") = "app", "002\app.csproj", "{530E30E5-691E-4F0E-978E-57F435DBB8B5}"
EndProject
Project("{2150E333-8FDC-42A3-9474-1A3956D46DE8}") = "003", "003", "{DEDE914B-FCE4-4491-9F3C-2E929B7E346C}"
EndProject
Project("{FAE04EC0-301F-11D3-BF4B-00C04F79EFBC}") = "app", "003\app.csproj", "{6004D873-4D8B-4E6B-8BA8-5569C8FCF482}"
EndProject
Project("{2150E333-8FDC-42A3-9474-1A3956D46DE8}") = "004", "004", "{8E3873A2-AC87-44A7-9C2B-8994A7CA2D44}"
EndProject
Project("{FAE04EC0-301F-11D3-BF4B-00C04F79EFBC}") = "app", "004\app.csproj", "{8E8DCB46-3BAA-47B7-A84C-CDB03C1EB49A}"
EndProject
Project("{2150E333-8FDC-42A3-9474-1A3956D46DE8}") = "005", "005", "{07E39F21-81DC-4E4B-BCCB-919770F505B0}"
EndProject
Project("{FAE04EC0-301F-11D3-BF4B-00C04F79EFBC}") = "app", "005\app.csproj", "{1BCCA443-385C-41FF-AA7C-394E8C759EA1}"
EndProject
Project("{2150E333-8FDC-42A3-9474-1A3956D46DE8}") = "006", "006", "{3D5B038C-CB75-4166-90E3-B78D2AE11379}"
EndProject
Project("{FAE04EC0-301F-11D3-BF4B-00C04F79EFBC}") = "app", "006\app.csproj", "{00ECBD3B-4127-483B-99B5-7C6EC4355200}"
EndProject
Project("{2150E333-8FDC-42A3-9474-1A3956D46DE8}") = "007", "007", "{12F0EFA2-E356-46DF-BADD-461860F53E8B}"
EndProject
Project("{FAE04EC0-301F-11D3-BF4B-00C04F79EFBC}") = "app", "007\app.csproj", "{6A71D46A-D913-48E8-8C71-6D62967E4375}"
EndProject
Project("{2150E333-8FDC-42A3-9474-1A3956D46DE8}") = "008", "008", "{DFD06BCB-341D-4EE4-B3AC-64E5C247F52D}"
EndProject
Project("{FAE04EC0-301F-11D3-BF4B-00C04F79EFBC}") = "app", "008\app.csproj", "{7AD12075-3990-46DD-BEC2-19895BCCFD77}"
EndProject
Project("{2150E333-8FDC-42A3-9474-1A3956D46DE8}") = "009", "009", "{71135807-76C3-4D2F-B9C4-AC9E9D6671CB}"
EndProject
Project("{FAE04EC0-301F-11D3-BF4B-00C04F79EFBC}") = "app", "009\app.csproj", "{F1235A32-4994-4C48-AA5B-0AC9486A4E67}"
EndProject
Project("{2150E333-8FDC-42A3-9474-1A3956D46DE8}") = "010", "010", "{E2193434-6115-4490-B7F6-D5E3E0A34CAF}"
EndProject
Project("{FAE04EC0-301F-11D3-BF4B-00C04F79EFBC}") = "app", "010\app.csproj", "{C8768F9F-BDE8-4B70-B732-C01D5BDDF1EC}"
EndProject
Project("{2150E333-8FDC-42A3-9474-1A3956D46DE8}") = "011", "011", "{A6BB2E6B-2D58-4744-909B-7094EDB1A63E}"
EndProject
Project("{FAE04EC0-301F-11D3-BF4B-00C04F79EFBC}") = "app", "011\app.csproj", "{F52E1ADD-A667-4E96-9575-DE2B47D241CA}"
EndProject
Global
	GlobalSection(SolutionConfigurationPlatforms) = preSolution
		Debug|Any CPU = Debug|Any CPU
		Release|Any CPU = Release|Any CPU
	EndGlobalSection
	GlobalSection(ProjectConfigurationPlatforms) = postSolution
		{C9BF9D80-AC46-4EEE-908F-96E7204AB43E}.Debug|Any CPU.ActiveCfg = Debug|Any CPU
		{C9BF9D80-AC46-4EEE-908F-96E7204AB43E}.Debug|Any CPU.Build.0 = Debug|Any CPU
		{C9BF9D80-AC46-4EEE-908F-96E7204AB43E}.Release|Any CPU.ActiveCfg = Release|Any CPU
		{C9BF9D80-AC46-4EEE-908F-96E7204AB43E}.Release|Any CPU.Build.0 = Release|Any CPU
		{530E30E5-691E-4F0E-978E-57F435DBB8B5}.Debug|Any CPU.ActiveCfg = Debug|Any CPU
		{530E30E5-691E-4F0E-978E-57F435DBB8B5}.Debug|Any CPU.Build.0 = Debug|Any CPU
		{530E30E5-691E-4F0E-978E-57F435DBB8B5}.Release|Any CPU.ActiveCfg = Release|Any CPU
		{530E30E5-691E-4F0E-978E-57F435DBB8B5}.Release|Any CPU.Build.0 = Release|Any CPU
		{6004D873-4D8B-4E6B-8BA8-5569C8FCF482}.Debug|Any CPU.ActiveCfg = Debug|Any CPU
		{6004D873-4D8B-4E6B-8BA8-5569C8FCF482}.Debug|Any CPU.Build.0 = Debug|Any CPU
		{6004D873-4D8B-4E6B-8BA8-5569C8FCF482}.Release|Any CPU.ActiveCfg = Release|Any CPU
		{6004D873-4D8B-4E6B-8BA8-5569C8FCF482}.Release|Any CPU.Build.0 = Release|Any CPU
		{8E8DCB46-3BAA-47B7-A84C-CDB03C1EB49A}.Debug|Any CPU.ActiveCfg = Debug|Any CPU
		{8E8DCB46-3BAA-47B7-A84C-CDB03C1EB49A}.Debug|Any CPU.Build.0 = Debug|Any CPU
		{8E8DCB46-3BAA-47B7-A84C-CDB03C1EB49A}.Release|Any CPU.ActiveCfg = Release|Any CPU
		{8E8DCB46-3BAA-47B7-A84C-CDB03C1EB49A}.Release|Any CPU.Build.0 = Release|Any CPU
		{1BCCA443-385C-41FF-AA7C-394E8C759EA1}.Debug|Any CPU.ActiveCfg = Debug|Any CPU
		{1BCCA443-385C-41FF-AA7C-394E8C759EA1}.Debug|Any CPU.Build.0 = Debug|Any CPU
		{1BCCA443-385C-41FF-AA7C-394E8C759EA1}.Release|Any CPU.ActiveCfg = Release|Any CPU
		{1BCCA443-385C-41FF-AA7C-394E8C759EA1}.Release|Any CPU.Build.0 = Release|Any CPU
		{00ECBD3B-4127-483B-99B5-7C6EC4355200}.Debug|Any CPU.ActiveCfg = Debug|Any CPU
		{00ECBD3B-4127-483B-99B5-7C6EC4355200}.Debug|Any CPU.Build.0 = Debug|Any CPU
		{00ECBD3B-4127-483B-99B5-7C6EC4355200}.Release|Any CPU.ActiveCfg = Release|Any CPU
		{00ECBD3B-4127-483B-99B5-7C6EC4355200}.Release|Any CPU.Build.0 = Release|Any CPU
		{6A71D46A-D913-48E8-8C71-6D62967E4375}.Debug|Any CPU.ActiveCfg = Debug|Any CPU
		{6A71D46A-D913-48E8-8C71-6D62967E4375}.Debug|Any CPU.Build.0 = Debug|Any CPU
		{6A71D46A-D913-48E8-8C71-6D62967E4375}.Release|Any CPU.ActiveCfg = Release|Any CPU
		{6A71D46A-D913-48E8-8C71-6D62967E4375}.Release|Any CPU.Build.0 = Release|Any CPU
		{7AD12075-3990-46DD-BEC2-19895BCCFD77}.Debug|Any CPU.ActiveCfg = Debug|Any CPU
		{7AD12075-3990-46DD-BEC2-19895BCCFD77}.Debug|Any CPU.Build.0 = Debug|Any CPU
		{7AD12075-3990-46DD-BEC2-19895BCCFD77}.Release|Any CPU.ActiveCfg = Release|Any CPU
		{7AD12075-3990-46DD-BEC2-19895BCCFD77}.Release|Any CPU.Build.0 = Release|Any CPU
		{F1235A32-4994-4C48-AA5B-0AC9486A4E67}.Debug|Any CPU.ActiveCfg = Debug|Any CPU
		{F1235A32-4994-4C48-AA5B-0AC9486A4E67}.Debug|Any CPU.Build.0 = Debug|Any CPU
		{F1235A32-4994-4C48-AA5B-0AC9486A4E67}.Release|Any CPU.ActiveCfg = Release|Any CPU
		{F1235A32-4994-4C48-AA5B-0AC9486A4E67}.Release|Any CPU.Build.0 = Release|Any CPU
		{C8768F9F-BDE8-4B70-B732-C01D5BDDF1EC}.Debug|Any CPU.ActiveCfg = Debug|Any CPU
		{C8768F9F-BDE8-4B70-B732-C01D5BDDF1EC}.Debug|Any CPU.Build.0 = Debug|Any CPU
		{C8768F9F-BDE8-4B70-B732-C01D5BDDF1EC}.Release|Any CPU.ActiveCfg = Release|Any CPU
		{C8768F9F-BDE8-4B70-B732-C01D5BDDF1EC}.Release|Any CPU.Build.0 = Release|Any CPU
		{F52E1ADD-A667-4E96-9575-DE2B47D241CA}.Debug|Any CPU.ActiveCfg = Debug|Any CPU
		{F52E1ADD-A667-4E96-9575-DE2B47D241CA}.Debug|Any CPU.Build.0 = Debug|Any CPU
		{F52E1ADD-A667-4E96-9575-DE2B47D241CA}.Release|Any CPU.ActiveCfg = Release|Any CPU
		{F52E1ADD-A667-4E96-9575-DE2B47D241CA}.Release|Any CPU.Build.0 = Release|Any CPU
	EndGlobalSection
	GlobalSection(SolutionProperties) = preSolution
		HideSolutionNode = FALSE
	EndGlobalSection
	GlobalSection(NestedProjects) = preSolution
		{C9BF9D80-AC46-4EEE-908F-96E7204AB43E} = {971B4426-9D54-48FC-BDDF-7D961CF09AD8}
		{530E30E5-691E-4F0E-978E-57F435DBB8B5} = {7FCF3CD0-D178-4CB4-950E-3D8492FCE3DE}
		{6004D873-4D8B-4E6B-8BA8-5569C8FCF482} = {DEDE914B-FCE4-4491-9F3C-2E929B7E346C}
		{8E8DCB46-3BAA-47B7-A84C-CDB03C1EB49A} = {8E3873A2-AC87-44A7-9C2B-8994A7CA2D44}
		{1BCCA443-385C-41FF-AA7C-394E8C759EA1} = {07E39F21-81DC-4E4B-BCCB-919770F505B0}
		{00ECBD3B-4127-483B-99B5-7C6EC4355200} = {3D5B038C-CB75-4166-90E3-B78D2AE11379}
		{6A71D46A-D913-48E8-8C71-6D62967E4375} = {12F0EFA2-E356-46DF-BADD-461860F53E8B}
		{7AD12075-3990-46DD-BEC2-19895BCCFD77} = {DFD06BCB-341D-4EE4-B3AC-64E5C247F52D}
		{F1235A32-4994-4C48-AA5B-0AC9486A4E67} = {71135807-76C3-4D2F-B9C4-AC9E9D6671CB}
		{C8768F9F-BDE8-4B70-B732-C01D5BDDF1EC} = {E2193434-6115-4490-B7F6-D5E3E0A34CAF}
		{F52E1ADD-A667-4E96-9575-DE2B47D241CA} = {A6BB2E6B-2D58-4744-909B-7094EDB1A63E}
	EndGlobalSection
	GlobalSection(ExtensibilityGlobals) = postSolution
		SolutionGuid = {59CA3C37-352A-4A7E-B453-CA95AB907665}
	EndGlobalSection
EndGlobal
