
Microsoft Visual Studio Solution File, Format Version 12.00
# Visual Studio Version 17
VisualStudioVersion = 17.2.32317.152
MinimumVisualStudioVersion = 10.0.40219.1
Project("{2150E333-8FDC-42A3-9474-1A3956D46DE8}") = "001", "001", "{39C5A497-DA79-4F9C-A44E-6E51F617F08A}"
EndProject
Project("{FAE04EC0-301F-11D3-BF4B-00C04F79EFBC}") = "app", "001\app.csproj", "{AD562CFB-37CB-4F64-B08D-444C301E2906}"
EndProject
Project("{2150E333-8FDC-42A3-9474-1A3956D46DE8}") = "002", "002", "{B25190F2-7E4E-47A2-9F4C-0416B7AB4961}"
EndProject
Project("{FAE04EC0-301F-11D3-BF4B-00C04F79EFBC}") = "app", "002\app.csproj", "{3721E377-DDE9-4118-BCE1-CC3CF96179A6}"
EndProject
Project("{2150E333-8FDC-42A3-9474-1A3956D46DE8}") = "003", "003", "{263B35D5-5DC8-4976-83B7-632BDF6AE1B6}"
EndProject
Project("{FAE04EC0-301F-11D3-BF4B-00C04F79EFBC}") = "app", "003\app.csproj", "{E3A913F2-8AD2-4FCE-BE6A-91342C18A683}"
EndProject
Project("{2150E333-8FDC-42A3-9474-1A3956D46DE8}") = "004", "004", "{BDCED87A-5151-47EB-A61A-883EBF984A1F}"
EndProject
Project("{FAE04EC0-301F-11D3-BF4B-00C04F79EFBC}") = "app", "004\app.csproj", "{EF878233-6D4C-4883-826C-52BE33D75BAF}"
EndProject
Project("{2150E333-8FDC-42A3-9474-1A3956D46DE8}") = "005", "005", "{1FC70983-F56C-493E-B94F-2F3AA01563B6}"
EndProject
Project("{FAE04EC0-301F-11D3-BF4B-00C04F79EFBC}") = "app", "005\app.csproj", "{87C6BA74-4D2C-4D06-8CD0-EABDE90A6DC9}"
EndProject
Project("{2150E333-8FDC-42A3-9474-1A3956D46DE8}") = "006", "006", "{AD4F087F-E9F5-45E8-A2FF-740DF5156C8D}"
EndProject
Project("{FAE04EC0-301F-11D3-BF4B-00C04F79EFBC}") = "app", "006\app.csproj", "{BFF21A9A-A677-4C16-9C9D-684DC7BCDB4C}"
EndProject
Project("{2150E333-8FDC-42A3-9474-1A3956D46DE8}") = "007", "007", "{6D74C6EC-4A83-49FE-8BBA-5F2AD03E250A}"
EndProject
Project("{FAE04EC0-301F-11D3-BF4B-00C04F79EFBC}") = "app", "007\app.csproj", "{A59A3479-6493-48E3-A7A4-59BD3B2518E2}"
EndProject
Project("{2150E333-8FDC-42A3-9474-1A3956D46DE8}") = "008", "008", "{33704E27-074F-4B89-805C-A3AB7212BF5D}"
EndProject
Project("{FAE04EC0-301F-11D3-BF4B-00C04F79EFBC}") = "app", "008\app.csproj", "{513F9315-800B-4DAF-B22C-849614BC2FC4}"
EndProject
Project("{2150E333-8FDC-42A3-9474-1A3956D46DE8}") = "009", "009", "{4B611925-8B2F-4595-A2F0-AAFCBB1A219E}"
EndProject
Project("{FAE04EC0-301F-11D3-BF4B-00C04F79EFBC}") = "app", "009\app.csproj", "{7A291673-F869-4D53-8CDF-95548AECDBBA}"
EndProject
Project("{2150E333-8FDC-42A3-9474-1A3956D46DE8}") = "010", "010", "{24280385-4DF3-4AC2-A631-97C460D3B0DD}"
EndProject
Project("{FAE04EC0-301F-11D3-BF4B-00C04F79EFBC}") = "app", "010\app.csproj", "{BB745413-8ADE-4E45-B064-D10C47532272}"
EndProject
Project("{2150E333-8FDC-42A3-9474-1A3956D46DE8}") = "011", "011", "{86C217CC-6AA2-402F-9D78-711F86B0DC12}"
EndProject
Project("{FAE04EC0-301F-11D3-BF4B-00C04F79EFBC}") = "app", "011\app.csproj", "{A26723EC-D016-4DC1-ABEA-1435FF7DE8AF}"
EndProject
Project("{2150E333-8FDC-42A3-9474-1A3956D46DE8}") = "012", "012", "{44990166-42DC-4D32-A279-402366A37CDE}"
EndProject
Project("{FAE04EC0-301F-11D3-BF4B-00C04F79EFBC}") = "012", "012\012.csproj", "{63677BF9-39CC-48A5-93A1-EF14D9EB82D6}"
EndProject
Global
	GlobalSection(SolutionConfigurationPlatforms) = preSolution
		Debug|Any CPU = Debug|Any CPU
		Release|Any CPU = Release|Any CPU
	EndGlobalSection
	GlobalSection(ProjectConfigurationPlatforms) = postSolution
		{AD562CFB-37CB-4F64-B08D-444C301E2906}.Debug|Any CPU.ActiveCfg = Debug|Any CPU
		{AD562CFB-37CB-4F64-B08D-444C301E2906}.Debug|Any CPU.Build.0 = Debug|Any CPU
		{AD562CFB-37CB-4F64-B08D-444C301E2906}.Release|Any CPU.ActiveCfg = Release|Any CPU
		{AD562CFB-37CB-4F64-B08D-444C301E2906}.Release|Any CPU.Build.0 = Release|Any CPU
		{3721E377-DDE9-4118-BCE1-CC3CF96179A6}.Debug|Any CPU.ActiveCfg = Debug|Any CPU
		{3721E377-DDE9-4118-BCE1-CC3CF96179A6}.Debug|Any CPU.Build.0 = Debug|Any CPU
		{3721E377-DDE9-4118-BCE1-CC3CF96179A6}.Release|Any CPU.ActiveCfg = Release|Any CPU
		{3721E377-DDE9-4118-BCE1-CC3CF96179A6}.Release|Any CPU.Build.0 = Release|Any CPU
		{E3A913F2-8AD2-4FCE-BE6A-91342C18A683}.Debug|Any CPU.ActiveCfg = Debug|Any CPU
		{E3A913F2-8AD2-4FCE-BE6A-91342C18A683}.Debug|Any CPU.Build.0 = Debug|Any CPU
		{E3A913F2-8AD2-4FCE-BE6A-91342C18A683}.Release|Any CPU.ActiveCfg = Release|Any CPU
		{E3A913F2-8AD2-4FCE-BE6A-91342C18A683}.Release|Any CPU.Build.0 = Release|Any CPU
		{EF878233-6D4C-4883-826C-52BE33D75BAF}.Debug|Any CPU.ActiveCfg = Debug|Any CPU
		{EF878233-6D4C-4883-826C-52BE33D75BAF}.Debug|Any CPU.Build.0 = Debug|Any CPU
		{EF878233-6D4C-4883-826C-52BE33D75BAF}.Release|Any CPU.ActiveCfg = Release|Any CPU
		{EF878233-6D4C-4883-826C-52BE33D75BAF}.Release|Any CPU.Build.0 = Release|Any CPU
		{87C6BA74-4D2C-4D06-8CD0-EABDE90A6DC9}.Debug|Any CPU.ActiveCfg = Debug|Any CPU
		{87C6BA74-4D2C-4D06-8CD0-EABDE90A6DC9}.Debug|Any CPU.Build.0 = Debug|Any CPU
		{87C6BA74-4D2C-4D06-8CD0-EABDE90A6DC9}.Release|Any CPU.ActiveCfg = Release|Any CPU
		{87C6BA74-4D2C-4D06-8CD0-EABDE90A6DC9}.Release|Any CPU.Build.0 = Release|Any CPU
		{BFF21A9A-A677-4C16-9C9D-684DC7BCDB4C}.Debug|Any CPU.ActiveCfg = Debug|Any CPU
		{BFF21A9A-A677-4C16-9C9D-684DC7BCDB4C}.Debug|Any CPU.Build.0 = Debug|Any CPU
		{BFF21A9A-A677-4C16-9C9D-684DC7BCDB4C}.Release|Any CPU.ActiveCfg = Release|Any CPU
		{BFF21A9A-A677-4C16-9C9D-684DC7BCDB4C}.Release|Any CPU.Build.0 = Release|Any CPU
		{A59A3479-6493-48E3-A7A4-59BD3B2518E2}.Debug|Any CPU.ActiveCfg = Debug|Any CPU
		{A59A3479-6493-48E3-A7A4-59BD3B2518E2}.Debug|Any CPU.Build.0 = Debug|Any CPU
		{A59A3479-6493-48E3-A7A4-59BD3B2518E2}.Release|Any CPU.ActiveCfg = Release|Any CPU
		{A59A3479-6493-48E3-A7A4-59BD3B2518E2}.Release|Any CPU.Build.0 = Release|Any CPU
		{513F9315-800B-4DAF-B22C-849614BC2FC4}.Debug|Any CPU.ActiveCfg = Debug|Any CPU
		{513F9315-800B-4DAF-B22C-849614BC2FC4}.Debug|Any CPU.Build.0 = Debug|Any CPU
		{513F9315-800B-4DAF-B22C-849614BC2FC4}.Release|Any CPU.ActiveCfg = Release|Any CPU
		{513F9315-800B-4DAF-B22C-849614BC2FC4}.Release|Any CPU.Build.0 = Release|Any CPU
		{7A291673-F869-4D53-8CDF-95548AECDBBA}.Debug|Any CPU.ActiveCfg = Debug|Any CPU
		{7A291673-F869-4D53-8CDF-95548AECDBBA}.Debug|Any CPU.Build.0 = Debug|Any CPU
		{7A291673-F869-4D53-8CDF-95548AECDBBA}.Release|Any CPU.ActiveCfg = Release|Any CPU
		{7A291673-F869-4D53-8CDF-95548AECDBBA}.Release|Any CPU.Build.0 = Release|Any CPU
		{BB745413-8ADE-4E45-B064-D10C47532272}.Debug|Any CPU.ActiveCfg = Debug|Any CPU
		{BB745413-8ADE-4E45-B064-D10C47532272}.Debug|Any CPU.Build.0 = Debug|Any CPU
		{BB745413-8ADE-4E45-B064-D10C47532272}.Release|Any CPU.ActiveCfg = Release|Any CPU
		{BB745413-8ADE-4E45-B064-D10C47532272}.Release|Any CPU.Build.0 = Release|Any CPU
		{A26723EC-D016-4DC1-ABEA-1435FF7DE8AF}.Debug|Any CPU.ActiveCfg = Debug|Any CPU
		{A26723EC-D016-4DC1-ABEA-1435FF7DE8AF}.Debug|Any CPU.Build.0 = Debug|Any CPU
		{A26723EC-D016-4DC1-ABEA-1435FF7DE8AF}.Release|Any CPU.ActiveCfg = Release|Any CPU
		{A26723EC-D016-4DC1-ABEA-1435FF7DE8AF}.Release|Any CPU.Build.0 = Release|Any CPU
		{63677BF9-39CC-48A5-93A1-EF14D9EB82D6}.Debug|Any CPU.ActiveCfg = Debug|Any CPU
		{63677BF9-39CC-48A5-93A1-EF14D9EB82D6}.Debug|Any CPU.Build.0 = Debug|Any CPU
		{63677BF9-39CC-48A5-93A1-EF14D9EB82D6}.Release|Any CPU.ActiveCfg = Release|Any CPU
		{63677BF9-39CC-48A5-93A1-EF14D9EB82D6}.Release|Any CPU.Build.0 = Release|Any CPU
	EndGlobalSection
	GlobalSection(SolutionProperties) = preSolution
		HideSolutionNode = FALSE
	EndGlobalSection
	GlobalSection(NestedProjects) = preSolution
		{AD562CFB-37CB-4F64-B08D-444C301E2906} = {39C5A497-DA79-4F9C-A44E-6E51F617F08A}
		{3721E377-DDE9-4118-BCE1-CC3CF96179A6} = {B25190F2-7E4E-47A2-9F4C-0416B7AB4961}
		{E3A913F2-8AD2-4FCE-BE6A-91342C18A683} = {263B35D5-5DC8-4976-83B7-632BDF6AE1B6}
		{EF878233-6D4C-4883-826C-52BE33D75BAF} = {BDCED87A-5151-47EB-A61A-883EBF984A1F}
		{87C6BA74-4D2C-4D06-8CD0-EABDE90A6DC9} = {1FC70983-F56C-493E-B94F-2F3AA01563B6}
		{BFF21A9A-A677-4C16-9C9D-684DC7BCDB4C} = {AD4F087F-E9F5-45E8-A2FF-740DF5156C8D}
		{A59A3479-6493-48E3-A7A4-59BD3B2518E2} = {6D74C6EC-4A83-49FE-8BBA-5F2AD03E250A}
		{513F9315-800B-4DAF-B22C-849614BC2FC4} = {33704E27-074F-4B89-805C-A3AB7212BF5D}
		{7A291673-F869-4D53-8CDF-95548AECDBBA} = {4B611925-8B2F-4595-A2F0-AAFCBB1A219E}
		{BB745413-8ADE-4E45-B064-D10C47532272} = {24280385-4DF3-4AC2-A631-97C460D3B0DD}
		{A26723EC-D016-4DC1-ABEA-1435FF7DE8AF} = {86C217CC-6AA2-402F-9D78-711F86B0DC12}
		{63677BF9-39CC-48A5-93A1-EF14D9EB82D6} = {44990166-42DC-4D32-A279-402366A37CDE}
	EndGlobalSection
	GlobalSection(ExtensibilityGlobals) = postSolution
		SolutionGuid = {9D959C60-8E4A-4C29-B038-1217D72E0430}
	EndGlobalSection
EndGlobal
